{"SurveyEntry":{"SurveyID":"SV_5iONxtWJU5tXMYS","SurveyName":"BACE","SurveyDescription":null,"SurveyOwnerID":"UR_9tWSsC1EcQGexM1","SurveyBrandID":"bostonu","DivisionID":null,"SurveyLanguage":"EN","SurveyActiveResponseSet":"RS_eWJDtId1PD2J6K2","SurveyStatus":"Active","SurveyStartDate":"0000-00-00 00:00:00","SurveyExpirationDate":"0000-00-00 00:00:00","SurveyCreationDate":"2024-03-22 16:07:44","CreatorID":"UR_9tWSsC1EcQGexM1","LastModified":"2024-03-23 23:30:37","LastAccessed":"0000-00-00 00:00:00","LastActivated":"2024-03-23 15:10:04","Deleted":null},"SurveyElements":[{"SurveyID":"SV_5iONxtWJU5tXMYS","Element":"BL","PrimaryAttribute":"Survey Blocks","SecondaryAttribute":null,"TertiaryAttribute":null,"Payload":[{"Type":"Default","Description":"Default Question Block","ID":"BL_6LT1xXvnqT7eHz0","BlockElements":[{"Type":"Question","QuestionID":"QID14"},{"Type":"Question","QuestionID":"QID1"}]},{"Type":"Trash","Description":"Trash \/ Unused Questions","ID":"BL_9RcyO84NfE7y8TQ","BlockElements":[]},{"Type":"Standard","SubType":"","Description":"BACE Question 1","ID":"BL_7PRt0lpn3auvRzg","BlockElements":[{"Type":"Question","QuestionID":"QID2"}]},{"Type":"Standard","SubType":"","Description":"BACE Question 2","ID":"BL_d7tR3V47ijt6jMq","BlockElements":[{"Type":"Question","QuestionID":"QID3"}]},{"Type":"Standard","SubType":"","Description":"BACE Question 3","ID":"BL_eEcuSHJby3J5Wtg","BlockElements":[{"Type":"Question","QuestionID":"QID4"}]},{"Type":"Standard","SubType":"","Description":"BACE Question 4","ID":"BL_01eXarrI96Xv1oW","BlockElements":[{"Type":"Question","QuestionID":"QID5"}]},{"Type":"Standard","SubType":"","Description":"BACE Question 5","ID":"BL_3eea1gvIATEvVfo","BlockElements":[{"Type":"Question","QuestionID":"QID6"}]},{"Type":"Standard","SubType":"","Description":"BACE Question 6","ID":"BL_0Ofxq3DFgAEevMq","BlockElements":[{"Type":"Question","QuestionID":"QID7"}]},{"Type":"Standard","SubType":"","Description":"BACE Question 7","ID":"BL_9T6d7qRQ1QYstpA","BlockElements":[{"Type":"Question","QuestionID":"QID8"}]},{"Type":"Standard","SubType":"","Description":"BACE Question 8","ID":"BL_9MNu5z5jfS5Qzr0","BlockElements":[{"Type":"Question","QuestionID":"QID9"}]},{"Type":"Standard","SubType":"","Description":"BACE Question 9","ID":"BL_cUP9lldj9pB6zci","BlockElements":[{"Type":"Question","QuestionID":"QID10"}]},{"Type":"Standard","SubType":"","Description":"BACE Question 10","ID":"BL_cITRl5ZqtWpaqUe","BlockElements":[{"Type":"Question","QuestionID":"QID11"}]},{"Type":"Standard","SubType":"","Description":"Display Estimates","ID":"BL_6Gd9wHRTzdsbswe","BlockElements":[{"Type":"Question","QuestionID":"QID13"}]}]},{"SurveyID":"SV_5iONxtWJU5tXMYS","Element":"FL","PrimaryAttribute":"Survey Flow","SecondaryAttribute":null,"TertiaryAttribute":null,"Payload":{"Type":"Root","FlowID":"FL_1","Flow":[{"Type":"EmbeddedData","FlowID":"FL_15","EmbeddedData":[{"Description":"create_url","Type":"Custom","Field":"create_url","VariableType":"String","DataVisibility":[],"AnalyzeText":false,"Value":"r3ue9e2bf3.execute-api.us-east-2.amazonaws.com\/Prod\/create_profile"},{"Description":"update_url","Type":"Custom","Field":"update_url","VariableType":"String","DataVisibility":[],"AnalyzeText":false,"Value":"r3ue9e2bf3.execute-api.us-east-2.amazonaws.com\/Prod\/update_profile"},{"Description":"estimates_url","Type":"Custom","Field":"estimates_url","VariableType":"String","DataVisibility":[],"AnalyzeText":false,"Value":"r3ue9e2bf3.execute-api.us-east-2.amazonaws.com\/Prod\/estimates"}]},{"Type":"Block","ID":"BL_6LT1xXvnqT7eHz0","FlowID":"FL_2","Autofill":[]},{"Type":"EmbeddedData","FlowID":"FL_28","EmbeddedData":[{"Description":"survey_id","Type":"Custom","Field":"survey_id","VariableType":"String","DataVisibility":[],"AnalyzeText":false,"Value":"${q:\/\/QID1\/ChoiceTextEntryValue}"},{"Description":"num_questions","Type":"Custom","Field":"num_questions","VariableType":"String","DataVisibility":[],"AnalyzeText":false,"Value":"10"}]},{"Type":"WebService","FlowID":"FL_14","URL":"https:\/\/${e:\/\/Field\/create_url}","Method":"POST","RequestParams":[],"EditBodyParams":[{"key":"survey_id","value":"${e:\/\/Field\/survey_id}"}],"Body":{"survey_id":"${e:\/\/Field\/survey_id}"},"ContentType":"application\/json","Headers":[],"ResponseMap":[{"key":"profile_id","value":"profile_id"},{"key":"color_a_1","value":"color_a_1"},{"key":"color_b_1","value":"color_b_1"},{"key":"price_a_1","value":"price_a_1"},{"key":"price_b_1","value":"price_b_1"},{"key":"type_a_1","value":"type_a_1"},{"key":"type_b_1","value":"type_b_1"},{"key":"message_0_1","value":"message_0_1"},{"key":"message_1_1","value":"message_1_1"}],"FireAndForget":false,"SchemaVersion":0,"StringifyValues":true},{"Type":"Standard","ID":"BL_7PRt0lpn3auvRzg","FlowID":"FL_3","Autofill":[]},{"Type":"WebService","FlowID":"FL_16","URL":"https:\/\/${e:\/\/Field\/update_url}","Method":"POST","RequestParams":[],"EditBodyParams":[{"key":"profile_id","value":"${e:\/\/Field\/profile_id}"},{"key":"answer","value":"${q:\/\/QID2\/SelectedChoicesRecode}"},{"key":"question_number","value":"2"}],"Body":{"profile_id":"${e:\/\/Field\/profile_id}","answer":"${q:\/\/QID2\/SelectedChoicesRecode}","question_number":"2"},"ContentType":"application\/json","Headers":[],"ResponseMap":[{"key":"color_a_2","value":"color_a_2"},{"key":"color_b_2","value":"color_b_2"},{"key":"price_a_2","value":"price_a_2"},{"key":"price_b_2","value":"price_b_2"},{"key":"type_a_2","value":"type_a_2"},{"key":"type_b_2","value":"type_b_2"},{"key":"message_0_2","value":"message_0_2"},{"key":"message_1_2","value":"message_1_2"}],"FireAndForget":false,"SchemaVersion":0,"StringifyValues":true},{"Type":"Standard","ID":"BL_d7tR3V47ijt6jMq","FlowID":"FL_4","Autofill":[]},{"Type":"WebService","FlowID":"FL_17","URL":"https:\/\/${e:\/\/Field\/update_url}","Method":"POST","RequestParams":[],"EditBodyParams":[{"key":"profile_id","value":"${e:\/\/Field\/profile_id}"},{"key":"answer","value":"${q:\/\/QID3\/SelectedChoicesRecode}"},{"key":"question_number","value":"3"}],"Body":{"profile_id":"${e:\/\/Field\/profile_id}","answer":"${q:\/\/QID3\/SelectedChoicesRecode}","question_number":"3"},"ContentType":"application\/json","Headers":[],"ResponseMap":[{"key":"color_a_3","value":"color_a_3"},{"key":"color_b_3","value":"color_b_3"},{"key":"price_a_3","value":"price_a_3"},{"key":"price_b_3","value":"price_b_3"},{"key":"type_a_3","value":"type_a_3"},{"key":"type_b_3","value":"type_b_3"},{"key":"message_0_3","value":"message_0_3"},{"key":"message_1_3","value":"message_1_3"}],"FireAndForget":false,"SchemaVersion":0,"StringifyValues":true},{"Type":"Standard","ID":"BL_eEcuSHJby3J5Wtg","FlowID":"FL_5","Autofill":[]},{"Type":"WebService","FlowID":"FL_18","URL":"https:\/\/${e:\/\/Field\/update_url}","Method":"POST","RequestParams":[],"EditBodyParams":[{"key":"profile_id","value":"${e:\/\/Field\/profile_id}"},{"key":"answer","value":"${q:\/\/QID4\/SelectedChoicesRecode}"},{"key":"question_number","value":"4"}],"Body":{"profile_id":"${e:\/\/Field\/profile_id}","answer":"${q:\/\/QID4\/SelectedChoicesRecode}","question_number":"4"},"ContentType":"application\/json","Headers":[],"ResponseMap":[{"key":"color_a_4","value":"color_a_4"},{"key":"color_b_4","value":"color_b_4"},{"key":"price_a_4","value":"price_a_4"},{"key":"price_b_4","value":"price_b_4"},{"key":"type_a_4","value":"type_a_4"},{"key":"type_b_4","value":"type_b_4"},{"key":"message_0_4","value":"message_0_4"},{"key":"message_1_4","value":"message_1_4"}],"FireAndForget":false,"SchemaVersion":0,"StringifyValues":true},{"Type":"Standard","ID":"BL_01eXarrI96Xv1oW","FlowID":"FL_6","Autofill":[]},{"Type":"WebService","FlowID":"FL_19","URL":"https:\/\/${e:\/\/Field\/update_url}","Method":"POST","RequestParams":[],"EditBodyParams":[{"key":"profile_id","value":"${e:\/\/Field\/profile_id}"},{"key":"answer","value":"${q:\/\/QID5\/SelectedChoicesRecode}"},{"key":"question_number","value":"5"}],"Body":{"profile_id":"${e:\/\/Field\/profile_id}","answer":"${q:\/\/QID5\/SelectedChoicesRecode}","question_number":"5"},"ContentType":"application\/json","Headers":[],"ResponseMap":[{"key":"color_a_5","value":"color_a_5"},{"key":"color_b_5","value":"color_b_5"},{"key":"price_a_5","value":"price_a_5"},{"key":"price_b_5","value":"price_b_5"},{"key":"type_a_5","value":"type_a_5"},{"key":"type_b_5","value":"type_b_5"},{"key":"message_0_5","value":"message_0_5"},{"key":"message_1_5","value":"message_1_5"}],"FireAndForget":false,"SchemaVersion":0,"StringifyValues":true},{"Type":"Standard","ID":"BL_3eea1gvIATEvVfo","FlowID":"FL_7","Autofill":[]},{"Type":"WebService","FlowID":"FL_20","URL":"https:\/\/${e:\/\/Field\/update_url}","Method":"POST","RequestParams":[],"EditBodyParams":[{"key":"profile_id","value":"${e:\/\/Field\/profile_id}"},{"key":"answer","value":"${q:\/\/QID6\/SelectedChoicesRecode}"},{"key":"question_number","value":"6"}],"Body":{"profile_id":"${e:\/\/Field\/profile_id}","answer":"${q:\/\/QID6\/SelectedChoicesRecode}","question_number":"6"},"ContentType":"application\/json","Headers":[],"ResponseMap":[{"key":"color_a_6","value":"color_a_6"},{"key":"color_b_6","value":"color_b_6"},{"key":"price_a_6","value":"price_a_6"},{"key":"price_b_6","value":"price_b_6"},{"key":"type_a_6","value":"type_a_6"},{"key":"type_b_6","value":"type_b_6"},{"key":"message_0_6","value":"message_0_6"},{"key":"message_1_6","value":"message_1_6"}],"FireAndForget":false,"SchemaVersion":0,"StringifyValues":true},{"Type":"Standard","ID":"BL_0Ofxq3DFgAEevMq","FlowID":"FL_8","Autofill":[]},{"Type":"WebService","FlowID":"FL_21","URL":"https:\/\/${e:\/\/Field\/update_url}","Method":"POST","RequestParams":[],"EditBodyParams":[{"key":"profile_id","value":"${e:\/\/Field\/profile_id}"},{"key":"answer","value":"${q:\/\/QID7\/SelectedChoicesRecode}"},{"key":"question_number","value":"7"}],"Body":{"profile_id":"${e:\/\/Field\/profile_id}","answer":"${q:\/\/QID7\/SelectedChoicesRecode}","question_number":"7"},"ContentType":"application\/json","Headers":[],"ResponseMap":[{"key":"color_a_7","value":"color_a_7"},{"key":"color_b_7","value":"color_b_7"},{"key":"price_a_7","value":"price_a_7"},{"key":"price_b_7","value":"price_b_7"},{"key":"type_a_7","value":"type_a_7"},{"key":"type_b_7","value":"type_b_7"},{"key":"message_0_7","value":"message_0_7"},{"key":"message_1_7","value":"message_1_7"}],"FireAndForget":false,"SchemaVersion":0,"StringifyValues":true},{"Type":"Standard","ID":"BL_9T6d7qRQ1QYstpA","FlowID":"FL_9","Autofill":[]},{"Type":"WebService","FlowID":"FL_22","URL":"https:\/\/${e:\/\/Field\/update_url}","Method":"POST","RequestParams":[],"EditBodyParams":[{"key":"profile_id","value":"${e:\/\/Field\/profile_id}"},{"key":"answer","value":"${q:\/\/QID8\/SelectedChoicesRecode}"},{"key":"question_number","value":"8"}],"Body":{"profile_id":"${e:\/\/Field\/profile_id}","answer":"${q:\/\/QID8\/SelectedChoicesRecode}","question_number":"8"},"ContentType":"application\/json","Headers":[],"ResponseMap":[{"key":"color_a_8","value":"color_a_8"},{"key":"color_b_8","value":"color_b_8"},{"key":"price_a_8","value":"price_a_8"},{"key":"price_b_8","value":"price_b_8"},{"key":"type_a_8","value":"type_a_8"},{"key":"type_b_8","value":"type_b_8"},{"key":"message_0_8","value":"message_0_8"},{"key":"message_1_8","value":"message_1_8"}],"FireAndForget":false,"SchemaVersion":0,"StringifyValues":true},{"Type":"Standard","ID":"BL_9MNu5z5jfS5Qzr0","FlowID":"FL_10","Autofill":[]},{"Type":"WebService","FlowID":"FL_23","URL":"https:\/\/${e:\/\/Field\/update_url}","Method":"POST","RequestParams":[],"EditBodyParams":[{"key":"profile_id","value":"${e:\/\/Field\/profile_id}"},{"key":"answer","value":"${q:\/\/QID9\/SelectedChoicesRecode}"},{"key":"question_number","value":"9"}],"Body":{"profile_id":"${e:\/\/Field\/profile_id}","answer":"${q:\/\/QID9\/SelectedChoicesRecode}","question_number":"9"},"ContentType":"application\/json","Headers":[],"ResponseMap":[{"key":"color_a_9","value":"color_a_9"},{"key":"color_b_9","value":"color_b_9"},{"key":"price_a_9","value":"price_a_9"},{"key":"price_b_9","value":"price_b_9"},{"key":"type_a_9","value":"type_a_9"},{"key":"type_b_9","value":"type_b_9"},{"key":"message_0_9","value":"message_0_9"},{"key":"message_1_9","value":"message_1_9"}],"FireAndForget":false,"SchemaVersion":0,"StringifyValues":true},{"Type":"Standard","ID":"BL_cUP9lldj9pB6zci","FlowID":"FL_11","Autofill":[]},{"Type":"WebService","FlowID":"FL_24","URL":"https:\/\/${e:\/\/Field\/update_url}","Method":"POST","RequestParams":[],"EditBodyParams":[{"key":"profile_id","value":"${e:\/\/Field\/profile_id}"},{"key":"answer","value":"${q:\/\/QID10\/SelectedChoicesRecode}"},{"key":"question_number","value":"10"}],"Body":{"profile_id":"${e:\/\/Field\/profile_id}","answer":"${q:\/\/QID10\/SelectedChoicesRecode}","question_number":"10"},"ContentType":"application\/json","Headers":[],"ResponseMap":[{"key":"color_a_10","value":"color_a_10"},{"key":"color_b_10","value":"color_b_10"},{"key":"price_a_10","value":"price_a_10"},{"key":"price_b_10","value":"price_b_10"},{"key":"type_a_10","value":"type_a_10"},{"key":"type_b_10","value":"type_b_10"},{"key":"message_0_10","value":"message_0_10"},{"key":"message_1_10","value":"message_1_10"}],"FireAndForget":false,"SchemaVersion":0,"StringifyValues":true},{"Type":"Standard","ID":"BL_cITRl5ZqtWpaqUe","FlowID":"FL_12","Autofill":[]},{"Type":"WebService","FlowID":"FL_25","URL":"https:\/\/${e:\/\/Field\/estimates_url}","Method":"POST","RequestParams":[],"EditBodyParams":[{"key":"profile_id","value":"${e:\/\/Field\/profile_id}"},{"key":"answer","value":"${q:\/\/QID11\/SelectedChoicesRecode}"}],"Body":{"profile_id":"${e:\/\/Field\/profile_id}","answer":"${q:\/\/QID11\/SelectedChoicesRecode}"},"ContentType":"application\/json","Headers":[],"ResponseMap":[{"key":"blue_ink.mean","value":"blue_ink_mean"},{"key":"blue_ink.median","value":"blue_ink_median"},{"key":"gel_pen.mean","value":"gel_pen_mean"},{"key":"gel_pen.median","value":"gel_pen_median"},{"key":"mu.mean","value":"mu_mean"},{"key":"mu.median","value":"mu_median"}],"FireAndForget":false,"SchemaVersion":0,"StringifyValues":true},{"Type":"Standard","ID":"BL_6Gd9wHRTzdsbswe","FlowID":"FL_27","Autofill":[]}],"Properties":{"Count":28,"RemovedFieldsets":[]}}},{"SurveyID":"SV_5iONxtWJU5tXMYS","Element":"PL","PrimaryAttribute":"Preview Link","SecondaryAttribute":null,"TertiaryAttribute":null,"Payload":{"PreviewType":"Brand","PreviewID":"e42abab7-aff1-4284-8f3a-1d2bc2373d0c"}},{"SurveyID":"SV_5iONxtWJU5tXMYS","Element":"SO","PrimaryAttribute":"Survey Options","SecondaryAttribute":null,"TertiaryAttribute":null,"Payload":{"BackButton":"false","SaveAndContinue":"true","SurveyProtection":"PublicSurvey","BallotBoxStuffingPrevention":"false","NoIndex":"Yes","SecureResponseFiles":"true","SurveyExpiration":"None","SurveyTermination":"DefaultMessage","Header":"","Footer":"","ProgressBarDisplay":"None","PartialData":"+1 week","ValidationMessage":null,"PreviousButton":" \u2190 ","NextButton":" \u2192 ","SurveyTitle":"Qualtrics Survey | Qualtrics Experience Management","SkinLibrary":"bostonu","SkinType":"templated","Skin":{"brandingId":null,"templateId":"*2014","overrides":{"colors":{"primary":"#688680","secondary":"#004d3e"}}},"NewScoring":1,"SurveyMetaDescription":"The most powerful, simple and trusted way to gather experience data. Start your journey to experience management and try a free account today.","SurveyName":"BACE","EOSMessage":null,"ShowExportTags":"false","CollectGeoLocation":"false","PasswordProtection":"No","AnonymizeResponse":"No","RefererCheck":"No","BallotBoxStuffingPreventionBehavior":null,"BallotBoxStuffingPreventionMessage":null,"BallotBoxStuffingPreventionMessageLibrary":null,"BallotBoxStuffingPreventionURL":null,"RecaptchaV3":"false","ConfirmStart":false,"AutoConfirmStart":false,"RelevantID":"false","RelevantIDLockoutPeriod":"+30 days","UseCustomSurveyLinkCompletedMessage":null,"SurveyLinkCompletedMessage":null,"SurveyLinkCompletedMessageLibrary":null,"ResponseSummary":"No","EOSMessageLibrary":null,"EOSRedirectURL":null,"EmailThankYou":"false","ThankYouEmailMessageLibrary":null,"ThankYouEmailMessage":null,"ValidateMessage":"false","ValidationMessageLibrary":null,"InactiveSurvey":"DefaultMessage","PartialDeletion":null,"PartialDataCloseAfter":"LastActivity","InactiveMessageLibrary":null,"InactiveMessage":null,"AvailableLanguages":{"EN":[]},"CustomStyles":[],"Autofocus":false,"Autoadvance":false,"AutoadvancePages":false,"QuestionsPerPage":"","PageTransition":"fade"}},{"SurveyID":"SV_5iONxtWJU5tXMYS","Element":"QGO","PrimaryAttribute":"QGO_QuotaGroupOrder","SecondaryAttribute":null,"TertiaryAttribute":null,"Payload":["QG_4qHRrwNFwAuNlri"]},{"SurveyID":"SV_5iONxtWJU5tXMYS","Element":"SCO","PrimaryAttribute":"Scoring","SecondaryAttribute":null,"TertiaryAttribute":null,"Payload":{"ScoringCategories":[],"ScoringCategoryGroups":[],"ScoringSummaryCategory":null,"ScoringSummaryAfterQuestions":0,"ScoringSummaryAfterSurvey":0,"DefaultScoringCategory":null,"AutoScoringCategory":null}},{"SurveyID":"SV_5iONxtWJU5tXMYS","Element":"PROJ","PrimaryAttribute":"CORE","SecondaryAttribute":null,"TertiaryAttribute":"1.1.0","Payload":{"ProjectCategory":"CORE","SchemaVersion":"1.1.0"}},{"SurveyID":"SV_5iONxtWJU5tXMYS","Element":"STAT","PrimaryAttribute":"Survey Statistics","SecondaryAttribute":null,"TertiaryAttribute":null,"Payload":{"MobileCompatible":true,"ID":"Survey Statistics"}},{"SurveyID":"SV_5iONxtWJU5tXMYS","Element":"QC","PrimaryAttribute":"Survey Question Count","SecondaryAttribute":"14","TertiaryAttribute":null,"Payload":null},{"SurveyID":"SV_5iONxtWJU5tXMYS","Element":"SQ","PrimaryAttribute":"QID1","SecondaryAttribute":"Before we begin, please enter your name or survey ID in the textbox below:","TertiaryAttribute":null,"Payload":{"QuestionText":"Before we begin, please enter your name or survey ID in the textbox below:","DefaultChoices":false,"DataExportTag":"surveyid","QuestionID":"QID1","QuestionType":"TE","Selector":"SL","Configuration":{"QuestionDescriptionOption":"UseText"},"QuestionDescription":"Before we begin, please enter your name or survey ID in the textbox below:","Validation":{"Settings":{"ForceResponse":"ON","ForceResponseType":"ON","Type":"None"}},"GradingData":[],"Language":[],"NextChoiceId":4,"NextAnswerId":1,"SearchSource":{"AllowFreeResponse":"false"},"DataVisibility":{"Private":false,"Hidden":false}}},{"SurveyID":"SV_5iONxtWJU5tXMYS","Element":"QG","PrimaryAttribute":"QG_4qHRrwNFwAuNlri","SecondaryAttribute":"Default Quota Group","TertiaryAttribute":null,"Payload":{"ID":"QG_4qHRrwNFwAuNlri","Name":"Default Quota Group","Selected":true,"MultipleMatch":"PlaceInAll","Public":false,"Quotas":[]}},{"SurveyID":"SV_5iONxtWJU5tXMYS","Element":"RS","PrimaryAttribute":"RS_eWJDtId1PD2J6K2","SecondaryAttribute":"Default Response Set","TertiaryAttribute":null,"Payload":null},{"SurveyID":"SV_5iONxtWJU5tXMYS","Element":"SQ","PrimaryAttribute":"QID2","SecondaryAttribute":"Question 1 of ${e:\/\/Field\/num_questions}: The two options below are identical in all aspects exce...","TertiaryAttribute":null,"Payload":{"QuestionText":"Question 1 of ${e:\/\/Field\/num_questions}:<br><br>The two options below are identical in all aspects except those that are displayed. Which option do you prefer?","DataExportTag":"BACE_q_1","QuestionID":"QID2","QuestionType":"MC","Selector":"SAHR","SubSelector":"TX","QuestionDescription":"Question 1 of ${e:\/\/Field\/num_questions}: The two options below are identical in all aspects exce...","Choices":{"1":{"Display":"${e:\/\/Field\/message_0_1}"},"2":{"Display":"${e:\/\/Field\/message_1_1}"}},"ChoiceOrder":["1","2"],"Validation":{"Settings":{"ForceResponse":"ON","ForceResponseType":"ON","Type":"None"}},"RecodeValues":{"1":"0","2":"1"},"Language":[],"DataVisibility":{"Private":false,"Hidden":false},"Configuration":{"QuestionDescriptionOption":"UseText","LabelPosition":"BELOW"},"NextChoiceId":3,"NextAnswerId":1,"QuestionJS":"Qualtrics.SurveyEngine.addOnload(function()\n{\n\t\/*Place your JavaScript here to run when the page loads*\/\n\n\t\/\/hides the next button on a page\n\tthis.hidePreviousButton();\n\n});\n\nQualtrics.SurveyEngine.addOnReady(function()\n{\n\t\/*Place your JavaScript here to run when the page is fully displayed*\/\n\n});\n\nQualtrics.SurveyEngine.addOnUnload(function()\n{\n\t\/*Place your JavaScript here to run when the page is unloaded*\/\n\n});"}},{"SurveyID":"SV_5iONxtWJU5tXMYS","Element":"SQ","PrimaryAttribute":"QID11","SecondaryAttribute":"Question 10 of ${e:\/\/Field\/num_questions}: The two options below are identical in all aspects exc...","TertiaryAttribute":null,"Payload":{"QuestionText":"Question 10 of ${e:\/\/Field\/num_questions}:\n<br><br>The two options below are identical in all aspects except those that are displayed. Which option do you prefer?","DataExportTag":"BACE_q_10","QuestionID":"QID11","QuestionType":"MC","Selector":"SAHR","SubSelector":"TX","QuestionDescription":"Question 10 of ${e:\/\/Field\/num_questions}: The two options below are identical in all aspects exc...","Choices":{"1":{"Display":"${e:\/\/Field\/message_0_10}"},"2":{"Display":"${e:\/\/Field\/message_1_10}"}},"ChoiceOrder":["1","2"],"Validation":{"Settings":{"ForceResponse":"ON","ForceResponseType":"ON","Type":"None"}},"RecodeValues":{"1":"0","2":"1"},"Language":[],"DataVisibility":{"Private":false,"Hidden":false},"Configuration":{"QuestionDescriptionOption":"UseText","LabelPosition":"BELOW"},"NextChoiceId":3,"NextAnswerId":1,"QuestionJS":"Qualtrics.SurveyEngine.addOnload(function()\n{\n\t\/*Place your JavaScript here to run when the page loads*\/\n\n\t\/\/hides the next button on a page\n\tthis.hidePreviousButton();\n\n});\n\nQualtrics.SurveyEngine.addOnReady(function()\n{\n\t\/*Place your JavaScript here to run when the page is fully displayed*\/\n\n});\n\nQualtrics.SurveyEngine.addOnUnload(function()\n{\n\t\/*Place your JavaScript here to run when the page is unloaded*\/\n\n});"}},{"SurveyID":"SV_5iONxtWJU5tXMYS","Element":"SQ","PrimaryAttribute":"QID3","SecondaryAttribute":"Question 2 of ${e:\/\/Field\/num_questions}: The two options below are identical in all aspects exce...","TertiaryAttribute":null,"Payload":{"QuestionText":"Question 2 of ${e:\/\/Field\/num_questions}:\n<br><br>The two options below are identical in all aspects except those that are displayed. Which option do you prefer?","DataExportTag":"BACE_q_2","QuestionID":"QID3","QuestionType":"MC","Selector":"SAHR","SubSelector":"TX","QuestionDescription":"Question 2 of ${e:\/\/Field\/num_questions}: The two options below are identical in all aspects exce...","Choices":{"1":{"Display":"${e:\/\/Field\/message_0_2}"},"2":{"Display":"${e:\/\/Field\/message_1_2}"}},"ChoiceOrder":["1","2"],"Validation":{"Settings":{"ForceResponse":"ON","ForceResponseType":"ON","Type":"None"}},"RecodeValues":{"1":"0","2":"1"},"Language":[],"DataVisibility":{"Private":false,"Hidden":false},"Configuration":{"QuestionDescriptionOption":"UseText","LabelPosition":"BELOW"},"NextChoiceId":3,"NextAnswerId":1,"QuestionJS":"Qualtrics.SurveyEngine.addOnload(function()\n{\n\t\/*Place your JavaScript here to run when the page loads*\/\n\n\t\/\/hides the next button on a page\n\tthis.hidePreviousButton();\n\n});\n\nQualtrics.SurveyEngine.addOnReady(function()\n{\n\t\/*Place your JavaScript here to run when the page is fully displayed*\/\n\n});\n\nQualtrics.SurveyEngine.addOnUnload(function()\n{\n\t\/*Place your JavaScript here to run when the page is unloaded*\/\n\n});"}},{"SurveyID":"SV_5iONxtWJU5tXMYS","Element":"SQ","PrimaryAttribute":"QID4","SecondaryAttribute":"Question 3 of ${e:\/\/Field\/num_questions}: The two options below are identical in all aspects exce...","TertiaryAttribute":null,"Payload":{"QuestionText":"Question 3 of ${e:\/\/Field\/num_questions}:\n<br><br>The two options below are identical in all aspects except those that are displayed. Which option do you prefer?","DataExportTag":"BACE_q_3","QuestionID":"QID4","QuestionType":"MC","Selector":"SAHR","SubSelector":"TX","QuestionDescription":"Question 3 of ${e:\/\/Field\/num_questions}: The two options below are identical in all aspects exce...","Choices":{"1":{"Display":"${e:\/\/Field\/message_0_3}"},"2":{"Display":"${e:\/\/Field\/message_1_3}"}},"ChoiceOrder":["1","2"],"Validation":{"Settings":{"ForceResponse":"ON","ForceResponseType":"ON","Type":"None"}},"RecodeValues":{"1":"0","2":"1"},"Language":[],"DataVisibility":{"Private":false,"Hidden":false},"Configuration":{"QuestionDescriptionOption":"UseText","LabelPosition":"BELOW"},"NextChoiceId":3,"NextAnswerId":1,"QuestionJS":"Qualtrics.SurveyEngine.addOnload(function()\n{\n\t\/*Place your JavaScript here to run when the page loads*\/\n\n\t\/\/hides the next button on a page\n\tthis.hidePreviousButton();\n\n});\n\nQualtrics.SurveyEngine.addOnReady(function()\n{\n\t\/*Place your JavaScript here to run when the page is fully displayed*\/\n\n});\n\nQualtrics.SurveyEngine.addOnUnload(function()\n{\n\t\/*Place your JavaScript here to run when the page is unloaded*\/\n\n});"}},{"SurveyID":"SV_5iONxtWJU5tXMYS","Element":"SQ","PrimaryAttribute":"QID5","SecondaryAttribute":"Question 4 of ${e:\/\/Field\/num_questions}: The two options below are identical in all aspects exce...","TertiaryAttribute":null,"Payload":{"QuestionText":"Question 4 of ${e:\/\/Field\/num_questions}:\n<br><br>The two options below are identical in all aspects except those that are displayed. Which option do you prefer?","DataExportTag":"BACE_q_4","QuestionID":"QID5","QuestionType":"MC","Selector":"SAHR","SubSelector":"TX","QuestionDescription":"Question 4 of ${e:\/\/Field\/num_questions}: The two options below are identical in all aspects exce...","Choices":{"1":{"Display":"${e:\/\/Field\/message_0_4}"},"2":{"Display":"${e:\/\/Field\/message_1_4}"}},"ChoiceOrder":["1","2"],"Validation":{"Settings":{"ForceResponse":"ON","ForceResponseType":"ON","Type":"None"}},"RecodeValues":{"1":"0","2":"1"},"Language":[],"DataVisibility":{"Private":false,"Hidden":false},"Configuration":{"QuestionDescriptionOption":"UseText","LabelPosition":"BELOW"},"NextChoiceId":3,"NextAnswerId":1,"QuestionJS":"Qualtrics.SurveyEngine.addOnload(function()\n{\n\t\/*Place your JavaScript here to run when the page loads*\/\n\n\t\/\/hides the next button on a page\n\tthis.hidePreviousButton();\n\t\n});\n\nQualtrics.SurveyEngine.addOnReady(function()\n{\n\t\/*Place your JavaScript here to run when the page is fully displayed*\/\n\n});\n\nQualtrics.SurveyEngine.addOnUnload(function()\n{\n\t\/*Place your JavaScript here to run when the page is unloaded*\/\n\n});"}},{"SurveyID":"SV_5iONxtWJU5tXMYS","Element":"SQ","PrimaryAttribute":"QID6","SecondaryAttribute":"Question 5 of ${e:\/\/Field\/num_questions}: The two options below are identical in all aspects exce...","TertiaryAttribute":null,"Payload":{"QuestionText":"Question 5 of ${e:\/\/Field\/num_questions}:\n<br><br>The two options below are identical in all aspects except those that are displayed. Which option do you prefer?","DataExportTag":"BACE_q_5","QuestionID":"QID6","QuestionType":"MC","Selector":"SAHR","SubSelector":"TX","QuestionDescription":"Question 5 of ${e:\/\/Field\/num_questions}: The two options below are identical in all aspects exce...","Choices":{"1":{"Display":"${e:\/\/Field\/message_0_5}"},"2":{"Display":"${e:\/\/Field\/message_1_5}"}},"ChoiceOrder":["1","2"],"Validation":{"Settings":{"ForceResponse":"ON","ForceResponseType":"ON","Type":"None"}},"RecodeValues":{"1":"0","2":"1"},"Language":[],"DataVisibility":{"Private":false,"Hidden":false},"Configuration":{"QuestionDescriptionOption":"UseText","LabelPosition":"BELOW"},"NextChoiceId":3,"NextAnswerId":1,"QuestionJS":"Qualtrics.SurveyEngine.addOnload(function()\n{\n\t\/*Place your JavaScript here to run when the page loads*\/\n\n\t\/\/hides the next button on a page\n\tthis.hidePreviousButton();\n\n});\n\nQualtrics.SurveyEngine.addOnReady(function()\n{\n\t\/*Place your JavaScript here to run when the page is fully displayed*\/\n\n});\n\nQualtrics.SurveyEngine.addOnUnload(function()\n{\n\t\/*Place your JavaScript here to run when the page is unloaded*\/\n\n});"}},{"SurveyID":"SV_5iONxtWJU5tXMYS","Element":"SQ","PrimaryAttribute":"QID7","SecondaryAttribute":"Question 6 of ${e:\/\/Field\/num_questions}: The two options below are identical in all aspects exce...","TertiaryAttribute":null,"Payload":{"QuestionText":"Question 6 of ${e:\/\/Field\/num_questions}:\n<br><br>The two options below are identical in all aspects except those that are displayed. Which option do you prefer?","DataExportTag":"BACE_q_6","QuestionID":"QID7","QuestionType":"MC","Selector":"SAHR","SubSelector":"TX","QuestionDescription":"Question 6 of ${e:\/\/Field\/num_questions}: The two options below are identical in all aspects exce...","Choices":{"1":{"Display":"${e:\/\/Field\/message_0_6}"},"2":{"Display":"${e:\/\/Field\/message_1_6}"}},"ChoiceOrder":["1","2"],"Validation":{"Settings":{"ForceResponse":"ON","ForceResponseType":"ON","Type":"None"}},"RecodeValues":{"1":"0","2":"1"},"Language":[],"DataVisibility":{"Private":false,"Hidden":false},"Configuration":{"QuestionDescriptionOption":"UseText","LabelPosition":"BELOW"},"NextChoiceId":3,"NextAnswerId":1,"QuestionJS":"Qualtrics.SurveyEngine.addOnload(function()\n{\n\t\/*Place your JavaScript here to run when the page loads*\/\n\n\t\/\/hides the next button on a page\n\tthis.hidePreviousButton();\n\n});\n\nQualtrics.SurveyEngine.addOnReady(function()\n{\n\t\/*Place your JavaScript here to run when the page is fully displayed*\/\n\n});\n\nQualtrics.SurveyEngine.addOnUnload(function()\n{\n\t\/*Place your JavaScript here to run when the page is unloaded*\/\n\n});"}},{"SurveyID":"SV_5iONxtWJU5tXMYS","Element":"SQ","PrimaryAttribute":"QID8","SecondaryAttribute":"Question 7 of ${e:\/\/Field\/num_questions}: The two options below are identical in all aspects exce...","TertiaryAttribute":null,"Payload":{"QuestionText":"Question 7 of ${e:\/\/Field\/num_questions}:\n<br><br>The two options below are identical in all aspects except those that are displayed. Which option do you prefer?","DataExportTag":"BACE_q_7","QuestionID":"QID8","QuestionType":"MC","Selector":"SAHR","SubSelector":"TX","QuestionDescription":"Question 7 of ${e:\/\/Field\/num_questions}: The two options below are identical in all aspects exce...","Choices":{"1":{"Display":"${e:\/\/Field\/message_0_7}"},"2":{"Display":"${e:\/\/Field\/message_1_7}"}},"ChoiceOrder":["1","2"],"Validation":{"Settings":{"ForceResponse":"ON","ForceResponseType":"ON","Type":"None"}},"RecodeValues":{"1":"0","2":"1"},"Language":[],"DataVisibility":{"Private":false,"Hidden":false},"Configuration":{"QuestionDescriptionOption":"UseText","LabelPosition":"BELOW"},"NextChoiceId":3,"NextAnswerId":1,"QuestionJS":"Qualtrics.SurveyEngine.addOnload(function()\n{\n\t\/*Place your JavaScript here to run when the page loads*\/\n\n\t\/\/hides the next button on a page\n\tthis.hidePreviousButton();\n\n});\n\nQualtrics.SurveyEngine.addOnReady(function()\n{\n\t\/*Place your JavaScript here to run when the page is fully displayed*\/\n\n});\n\nQualtrics.SurveyEngine.addOnUnload(function()\n{\n\t\/*Place your JavaScript here to run when the page is unloaded*\/\n\n});"}},{"SurveyID":"SV_5iONxtWJU5tXMYS","Element":"SQ","PrimaryAttribute":"QID9","SecondaryAttribute":"Question 8 of ${e:\/\/Field\/num_questions}: The two options below are identical in all aspects exce...","TertiaryAttribute":null,"Payload":{"QuestionText":"Question 8 of ${e:\/\/Field\/num_questions}:\n<br><br>The two options below are identical in all aspects except those that are displayed. Which option do you prefer?","DataExportTag":"BACE_q_8","QuestionID":"QID9","QuestionType":"MC","Selector":"SAHR","SubSelector":"TX","QuestionDescription":"Question 8 of ${e:\/\/Field\/num_questions}: The two options below are identical in all aspects exce...","Choices":{"1":{"Display":"${e:\/\/Field\/message_0_8}"},"2":{"Display":"${e:\/\/Field\/message_1_8}"}},"ChoiceOrder":["1","2"],"Validation":{"Settings":{"ForceResponse":"ON","ForceResponseType":"ON","Type":"None"}},"RecodeValues":{"1":"0","2":"1"},"Language":[],"DataVisibility":{"Private":false,"Hidden":false},"Configuration":{"QuestionDescriptionOption":"UseText","LabelPosition":"BELOW"},"NextChoiceId":3,"NextAnswerId":1,"QuestionJS":"Qualtrics.SurveyEngine.addOnload(function()\n{\n\t\/*Place your JavaScript here to run when the page loads*\/\n\n\t\/\/hides the next button on a page\n\tthis.hidePreviousButton();\n\n});\n\nQualtrics.SurveyEngine.addOnReady(function()\n{\n\t\/*Place your JavaScript here to run when the page is fully displayed*\/\n\n});\n\nQualtrics.SurveyEngine.addOnUnload(function()\n{\n\t\/*Place your JavaScript here to run when the page is unloaded*\/\n\n});"}},{"SurveyID":"SV_5iONxtWJU5tXMYS","Element":"SQ","PrimaryAttribute":"QID10","SecondaryAttribute":"Question 9 of ${e:\/\/Field\/num_questions}: The two options below are identical in all aspects exce...","TertiaryAttribute":null,"Payload":{"QuestionText":"Question 9 of ${e:\/\/Field\/num_questions}:\n<br><br>The two options below are identical in all aspects except those that are displayed. Which option do you prefer?","DataExportTag":"BACE_q_9","QuestionID":"QID10","QuestionType":"MC","Selector":"SAHR","SubSelector":"TX","QuestionDescription":"Question 9 of ${e:\/\/Field\/num_questions}: The two options below are identical in all aspects exce...","Choices":{"1":{"Display":"${e:\/\/Field\/message_0_9}"},"2":{"Display":"${e:\/\/Field\/message_1_9}"}},"ChoiceOrder":["1","2"],"Validation":{"Settings":{"ForceResponse":"ON","ForceResponseType":"ON","Type":"None"}},"RecodeValues":{"1":"0","2":"1"},"Language":[],"DataVisibility":{"Private":false,"Hidden":false},"Configuration":{"QuestionDescriptionOption":"UseText","LabelPosition":"BELOW"},"NextChoiceId":3,"NextAnswerId":1,"QuestionJS":"Qualtrics.SurveyEngine.addOnload(function()\n{\n\t\/*Place your JavaScript here to run when the page loads*\/\n\n\t\/\/hides the next button on a page\n\tthis.hidePreviousButton();\n\n});\n\nQualtrics.SurveyEngine.addOnReady(function()\n{\n\t\/*Place your JavaScript here to run when the page is fully displayed*\/\n\n});\n\nQualtrics.SurveyEngine.addOnUnload(function()\n{\n\t\/*Place your JavaScript here to run when the page is unloaded*\/\n\n});"}},{"SurveyID":"SV_5iONxtWJU5tXMYS","Element":"SQ","PrimaryAttribute":"QID13","SecondaryAttribute":"Show Posterior Estimates (for testing purposes only): blue_ink (mean): ${e:\/\/Field\/blue_ink_mean}...","TertiaryAttribute":null,"Payload":{"QuestionText":"Show Posterior Estimates (for testing purposes only):<br><br>blue_ink (mean): ${e:\/\/Field\/blue_ink_mean}<br>\nblue_ink (median): ${e:\/\/Field\/blue_ink_median}<br>gel_pen (mean): ${e:\/\/Field\/gel_pen_mean}<br>\ngel_pen (median): ${e:\/\/Field\/gel_pen_median}<br>\nmu (mean): ${e:\/\/Field\/mu_mean}<br>\nmu (median): ${e:\/\/Field\/mu_median}","QuestionID":"QID13","QuestionType":"DB","Selector":"TB","QuestionDescription":"Show Posterior Estimates (for testing purposes only): blue_ink (mean): ${e:\/\/Field\/blue_ink_mean}...","Validation":{"Settings":{"Type":"None"}},"Language":[],"DataExportTag":"estimates","DataVisibility":{"Private":false,"Hidden":false},"Configuration":{"QuestionDescriptionOption":"UseText"},"ChoiceOrder":[],"NextChoiceId":1,"NextAnswerId":1,"QuestionJS":"Qualtrics.SurveyEngine.addOnload(function()\n{\n\t\/*Place your JavaScript here to run when the page loads*\/\n\n\t\/\/hides the next button on a page\n\tthis.hidePreviousButton();\n\n});\n\nQualtrics.SurveyEngine.addOnReady(function()\n{\n\t\/*Place your JavaScript here to run when the page is fully displayed*\/\n\n});\n\nQualtrics.SurveyEngine.addOnUnload(function()\n{\n\t\/*Place your JavaScript here to run when the page is unloaded*\/\n\n});"}},{"SurveyID":"SV_5iONxtWJU5tXMYS","Element":"SQ","PrimaryAttribute":"QID14","SecondaryAttribute":"Welcome to your BACE experiment! You will be presented with a number of scenarios. In each scenar...","TertiaryAttribute":null,"Payload":{"QuestionText":"<b>Welcome to your BACE experiment!<br><\/b><br>You will be presented with a number of scenarios. In each scenario, you will be asked to choose from a set of options. Please select the option you most prefer.<br>","DefaultChoices":false,"DataExportTag":"welcome","QuestionID":"QID14","QuestionType":"DB","Selector":"TB","DataVisibility":{"Private":false,"Hidden":false},"Configuration":{"QuestionDescriptionOption":"UseText"},"QuestionDescription":"Welcome to your BACE experiment! You will be presented with a number of scenarios. In each scenar...","ChoiceOrder":[],"Validation":{"Settings":{"Type":"None"}},"GradingData":[],"Language":[],"NextChoiceId":4,"NextAnswerId":1}}]}