{"SurveyEntry":{"SurveyID":"SV_0BahRK5EoVUICeG","SurveyName":"Pen Example","SurveyDescription":null,"SurveyOwnerID":"UR_5sQctuCm5UkkEhT","SurveyBrandID":"bostonu","DivisionID":null,"SurveyLanguage":"EN","SurveyActiveResponseSet":"RS_eCF5EYNqGH8R8RU","SurveyStatus":"Inactive","SurveyStartDate":"0000-00-00 00:00:00","SurveyExpirationDate":"0000-00-00 00:00:00","SurveyCreationDate":"2022-05-18 14:45:28","CreatorID":"UR_5sQctuCm5UkkEhT","LastModified":"2022-09-14 11:10:33","LastAccessed":"0000-00-00 00:00:00","LastActivated":"0000-00-00 00:00:00","Deleted":null},"SurveyElements":[{"SurveyID":"SV_0BahRK5EoVUICeG","Element":"BL","PrimaryAttribute":"Survey Blocks","SecondaryAttribute":null,"TertiaryAttribute":null,"Payload":{"0":{"Type":"Default","Description":"Survey ID","ID":"BL_bqlZwYMZXqVO24C","BlockElements":[{"Type":"Question","QuestionID":"QID2"}],"Options":{"BlockLocking":"false","RandomizeQuestions":"false","BlockVisibility":"Expanded"}},"1":{"Type":"Trash","Description":"Trash \/ Unused Questions","ID":"BL_1I9EFoheQlJo6LY","BlockElements":[{"Type":"Question","QuestionID":"QID44"},{"Type":"Question","QuestionID":"QID23"}]},"2":{"Type":"Standard","SubType":"","Description":"Question 0","ID":"BL_2sYXbJ56OSDJxIO","BlockElements":[{"Type":"Question","QuestionID":"QID59"},{"Type":"Page Break"},{"Type":"Question","QuestionID":"QID25"},{"Type":"Question","QuestionID":"QID4"}],"Options":{"BlockLocking":"false","RandomizeQuestions":"false","BlockVisibility":"Expanded"}},"3":{"Type":"Standard","SubType":"","Description":"Question 1","ID":"BL_0NC9m261mrIj714","BlockElements":[{"Type":"Question","QuestionID":"QID26"},{"Type":"Question","QuestionID":"QID5"}],"Options":{"BlockLocking":"false","RandomizeQuestions":"false","BlockVisibility":"Expanded"}},"4":{"Type":"Standard","SubType":"","Description":"Question 2","ID":"BL_bCRPoY9fJl7chIa","BlockElements":[{"Type":"Question","QuestionID":"QID27"},{"Type":"Question","QuestionID":"QID6"}],"Options":{"BlockLocking":"false","RandomizeQuestions":"false","BlockVisibility":"Expanded"}},"5":{"Type":"Standard","SubType":"","Description":"Question 3","ID":"BL_d6Hz8NbUwFnSGwu","BlockElements":[{"Type":"Question","QuestionID":"QID28"},{"Type":"Question","QuestionID":"QID7"}],"Options":{"BlockLocking":"false","RandomizeQuestions":"false","BlockVisibility":"Expanded"}},"6":{"Type":"Standard","SubType":"","Description":"Question 4","ID":"BL_3kqUW0Jo9dFHdBA","BlockElements":[{"Type":"Question","QuestionID":"QID29"},{"Type":"Question","QuestionID":"QID8"}],"Options":{"BlockLocking":"false","RandomizeQuestions":"false","BlockVisibility":"Expanded"}},"7":{"Type":"Standard","SubType":"","Description":"Question 5","ID":"BL_3OgXwS0EOIHMwLk","BlockElements":[{"Type":"Question","QuestionID":"QID30"},{"Type":"Question","QuestionID":"QID9"}],"Options":{"BlockLocking":"false","RandomizeQuestions":"false","BlockVisibility":"Expanded"}},"8":{"Type":"Standard","SubType":"","Description":"Question 6","ID":"BL_08QVuBLxrfdVWo6","BlockElements":[{"Type":"Question","QuestionID":"QID31"},{"Type":"Question","QuestionID":"QID10"}],"Options":{"BlockLocking":"false","RandomizeQuestions":"false","BlockVisibility":"Expanded"}},"9":{"Type":"Standard","SubType":"","Description":"Question 7","ID":"BL_9t62V8uYeZFZBkO","BlockElements":[{"Type":"Question","QuestionID":"QID32"},{"Type":"Question","QuestionID":"QID11"}],"Options":{"BlockLocking":"false","RandomizeQuestions":"false","BlockVisibility":"Expanded"}},"10":{"Type":"Standard","SubType":"","Description":"Question 8","ID":"BL_2fNzdMvDq7ipuSy","BlockElements":[{"Type":"Question","QuestionID":"QID33"},{"Type":"Question","QuestionID":"QID12"}],"Options":{"BlockLocking":"false","RandomizeQuestions":"false","BlockVisibility":"Expanded"}},"11":{"Type":"Standard","SubType":"","Description":"Question 9","ID":"BL_9B0QnjxLJK6z9vU","BlockElements":[{"Type":"Question","QuestionID":"QID34"},{"Type":"Question","QuestionID":"QID13"}],"Options":{"BlockLocking":"false","RandomizeQuestions":"false","BlockVisibility":"Expanded"}},"12":{"Type":"Standard","SubType":"","Description":"Question 10","ID":"BL_6hzKq6pv2c6FmKi","BlockElements":[{"Type":"Question","QuestionID":"QID35"},{"Type":"Question","QuestionID":"QID14"}],"Options":{"BlockLocking":"false","RandomizeQuestions":"false","BlockVisibility":"Expanded"}},"13":{"Type":"Standard","SubType":"","Description":"Question 11","ID":"BL_be0VFilLET2Z0Gy","BlockElements":[{"Type":"Question","QuestionID":"QID36"},{"Type":"Question","QuestionID":"QID15"}],"Options":{"BlockLocking":"false","RandomizeQuestions":"false","BlockVisibility":"Expanded"}},"22":{"Type":"Standard","SubType":"","Description":"Estimates","ID":"BL_1HS08JhZji2V6UC","BlockElements":[{"Type":"Question","QuestionID":"QID24"}],"Options":{"BlockLocking":"false","RandomizeQuestions":"false","BlockVisibility":"Expanded"}},"26":{"Type":"Standard","SubType":"","Description":"Dominated Question 1","ID":"BL_a8BrbgqHZ6b4N3o","BlockElements":[{"Type":"Question","QuestionID":"QID55"},{"Type":"Question","QuestionID":"QID56"}],"Options":{"BlockLocking":false,"RandomizeQuestions":"false","BlockVisibility":"Collapsed"}}}},{"SurveyID":"SV_0BahRK5EoVUICeG","Element":"FL","PrimaryAttribute":"Survey Flow","SecondaryAttribute":null,"TertiaryAttribute":null,"Payload":{"Type":"Root","FlowID":"FL_1","Flow":[{"Type":"Block","ID":"BL_bqlZwYMZXqVO24C","FlowID":"FL_2","Autofill":[]},{"Type":"EmbeddedData","FlowID":"FL_48","EmbeddedData":[{"Description":"survey_id","Type":"Custom","Field":"survey_id","VariableType":"String","DataVisibility":[],"AnalyzeText":false,"Value":"${q:\/\/QID2\/ChoiceTextEntryValue}"}]},{"Type":"Branch","FlowID":"FL_59","Description":"New Branch","BranchLogic":{"0":{"0":{"LogicType":"BooleanValue","Value":"True","Type":"Expression","Description":"<span class=\"ConjDesc\">If<\/span><span> True<\/span>"},"Type":"If"},"Type":"BooleanExpression"},"Flow":[{"Type":"WebService","FlowID":"FL_26","URL":"https:\/\/protected-savannah-15694.herokuapp.com\/qualtrics_custom\/create_profile","Method":"POST","RequestParams":[],"EditBodyParams":[{"key":"survey_id","value":"${e:\/\/Field\/survey_id}"}],"Body":{"survey_id":"${e:\/\/Field\/survey_id}"},"ContentType":"application\/json","Headers":[],"ResponseMap":[{"key":"response.profile_id","value":"response.profile_id"},{"key":"response.color_info.label","value":"response.color_info.label"},{"key":"response.color_info.values.0","value":"response.color_info.values.0"},{"key":"response.color_info.values.1","value":"response.color_info.values.1"},{"key":"response.color_info.description","value":"response.color_info.description"},{"key":"response.type_info.label","value":"response.type_info.label"},{"key":"response.type_info.values.0","value":"response.type_info.values.0"},{"key":"response.type_info.values.1","value":"response.type_info.values.1"},{"key":"response.type_info.description","value":"response.type_info.description"}],"FireAndForget":false,"SchemaVersion":0,"StringifyValues":true},{"Type":"EmbeddedData","FlowID":"FL_84","EmbeddedData":[{"Description":"profile_id","Type":"Custom","Field":"profile_id","VariableType":"String","DataVisibility":[],"AnalyzeText":false,"Value":"${e:\/\/Field\/response.profile_id}"}]},{"Type":"WebService","FlowID":"FL_27","URL":"https:\/\/protected-savannah-15694.herokuapp.com\/qualtrics_custom\/first_design","Method":"PUT","RequestParams":[],"EditBodyParams":[{"key":"profile_id","value":"${e:\/\/Field\/profile_id}","parameterType":"Number"},{"key":"question_no","value":"0","parameterType":"Number"}],"Body":{"profile_id":"${e:\/\/Field\/profile_id}","question_no":0},"ContentType":"application\/json","Headers":[],"ResponseMap":[{"key":"response.base.price_0","value":"response.base.price_0"},{"key":"response.base.color_0","value":"response.base.color_0"},{"key":"response.base.type_0","value":"response.base.type_0"},{"key":"response.base.choice_message_0","value":"response.base.choice_message_0"},{"key":"response.treat.price_0","value":"response.treat.price_0"},{"key":"response.treat.color_0","value":"response.treat.color_0"},{"key":"response.treat.type_0","value":"response.treat.type_0"},{"key":"response.treat.choice_message_0","value":"response.treat.choice_message_0"},{"key":"response.design.q_0.0","value":"response.design.q_0.0"},{"key":"response.design.q_0.1","value":"response.design.q_0.1"},{"key":"response.design.q_0.2","value":"response.design.q_0.2"}],"FireAndForget":false,"SchemaVersion":0,"StringifyValues":true},{"Type":"Standard","ID":"BL_2sYXbJ56OSDJxIO","FlowID":"FL_3","Autofill":[]},{"Type":"WebService","FlowID":"FL_61","URL":"https:\/\/protected-savannah-15694.herokuapp.com\/qualtrics_custom\/update_and_choose","Method":"PUT","RequestParams":[],"EditBodyParams":[{"key":"profile_id","value":"${e:\/\/Field\/profile_id}","parameterType":"Number"},{"key":"question_no","value":"1","parameterType":"Number"},{"key":"answer","value":"${q:\/\/QID4\/SelectedChoicesRecode}","parameterType":"Number"}],"Body":{"profile_id":"${e:\/\/Field\/profile_id}","question_no":1,"answer":"${q:\/\/QID4\/SelectedChoicesRecode}"},"ContentType":"application\/json","Headers":[],"ResponseMap":[{"key":"response.base.price_1","value":"response.base.price_1"},{"key":"response.base.color_1","value":"response.base.color_1"},{"key":"response.base.type_1","value":"response.base.type_1"},{"key":"response.base.choice_message_1","value":"response.base.choice_message_1"},{"key":"response.treat.price_1","value":"response.treat.price_1"},{"key":"response.treat.color_1","value":"response.treat.color_1"},{"key":"response.treat.type_1","value":"response.treat.type_1"},{"key":"response.treat.choice_message_1","value":"response.treat.choice_message_1"},{"key":"response.design.q_1.0","value":"response.design.q_1.0"},{"key":"response.design.q_1.1","value":"response.design.q_1.1"},{"key":"response.design.q_1.2","value":"response.design.q_1.2"}],"FireAndForget":false,"SchemaVersion":0,"StringifyValues":true},{"Type":"Standard","ID":"BL_0NC9m261mrIj714","FlowID":"FL_4","Autofill":[]},{"Type":"WebService","FlowID":"FL_73","URL":"https:\/\/protected-savannah-15694.herokuapp.com\/qualtrics_custom\/update_and_choose","Method":"PUT","RequestParams":[],"EditBodyParams":[{"key":"profile_id","value":"${e:\/\/Field\/profile_id}","parameterType":"Number"},{"key":"question_no","value":"2","parameterType":"Number"},{"key":"answer","value":"${q:\/\/QID5\/SelectedChoicesRecode}","parameterType":"Number"}],"Body":{"profile_id":"${e:\/\/Field\/profile_id}","question_no":2,"answer":"${q:\/\/QID5\/SelectedChoicesRecode}"},"ContentType":"application\/json","Headers":[],"ResponseMap":[{"key":"response.base.price_2","value":"response.base.price_2"},{"key":"response.base.color_2","value":"response.base.color_2"},{"key":"response.base.type_2","value":"response.base.type_2"},{"key":"response.base.choice_message_2","value":"response.base.choice_message_2"},{"key":"response.treat.price_2","value":"response.treat.price_2"},{"key":"response.treat.color_2","value":"response.treat.color_2"},{"key":"response.treat.type_2","value":"response.treat.type_2"},{"key":"response.treat.choice_message_2","value":"response.treat.choice_message_2"},{"key":"response.design.q_2.0","value":"response.design.q_2.0"},{"key":"response.design.q_2.1","value":"response.design.q_2.1"},{"key":"response.design.q_2.2","value":"response.design.q_2.2"}],"FireAndForget":false,"SchemaVersion":0,"StringifyValues":true},{"Type":"Standard","ID":"BL_bCRPoY9fJl7chIa","FlowID":"FL_5","Autofill":[]},{"Type":"WebService","FlowID":"FL_74","URL":"https:\/\/protected-savannah-15694.herokuapp.com\/qualtrics_custom\/update_and_choose","Method":"PUT","RequestParams":[],"EditBodyParams":[{"key":"profile_id","value":"${e:\/\/Field\/profile_id}","parameterType":"Number"},{"key":"question_no","value":"3","parameterType":"Number"},{"key":"answer","value":"${q:\/\/QID6\/SelectedChoicesRecode}","parameterType":"Number"},{"key":"test","value":"test"}],"Body":{"profile_id":"${e:\/\/Field\/profile_id}","question_no":3,"answer":"${q:\/\/QID6\/SelectedChoicesRecode}","test":"test"},"ContentType":"application\/json","Headers":[],"ResponseMap":[{"key":"response.base.price_3","value":"response.base.price_3"},{"key":"response.base.color_3","value":"response.base.color_3"},{"key":"response.base.type_3","value":"response.base.type_3"},{"key":"response.base.choice_message_3","value":"response.base.choice_message_3"},{"key":"response.treat.price_3","value":"response.treat.price_3"},{"key":"response.treat.color_3","value":"response.treat.color_3"},{"key":"response.treat.type_3","value":"response.treat.type_3"},{"key":"response.treat.choice_message_3","value":"response.treat.choice_message_3"},{"key":"response.design.q_3.0","value":"response.design.q_3.0"},{"key":"response.design.q_3.1","value":"response.design.q_3.1"},{"key":"response.design.q_3.2","value":"response.design.q_3.2"}],"FireAndForget":false,"SchemaVersion":0,"StringifyValues":true},{"Type":"Standard","ID":"BL_d6Hz8NbUwFnSGwu","FlowID":"FL_6","Autofill":[]},{"Type":"WebService","FlowID":"FL_75","URL":"https:\/\/protected-savannah-15694.herokuapp.com\/qualtrics_custom\/update_and_choose","Method":"PUT","RequestParams":[],"EditBodyParams":[{"key":"profile_id","value":"${e:\/\/Field\/profile_id}","parameterType":"Number"},{"key":"question_no","value":"4","parameterType":"Number"},{"key":"answer","value":"${q:\/\/QID7\/SelectedChoicesRecode}","parameterType":"Number"}],"Body":{"profile_id":"${e:\/\/Field\/profile_id}","question_no":4,"answer":"${q:\/\/QID7\/SelectedChoicesRecode}"},"ContentType":"application\/json","Headers":[],"ResponseMap":[{"key":"response.base.price_4","value":"response.base.price_4"},{"key":"response.base.color_4","value":"response.base.color_4"},{"key":"response.base.type_4","value":"response.base.type_4"},{"key":"response.base.choice_message_4","value":"response.base.choice_message_4"},{"key":"response.treat.price_4","value":"response.treat.price_4"},{"key":"response.treat.color_4","value":"response.treat.color_4"},{"key":"response.treat.type_4","value":"response.treat.type_4"},{"key":"response.treat.choice_message_4","value":"response.treat.choice_message_4"},{"key":"response.design.q_4.0","value":"response.design.q_4.0"},{"key":"response.design.q_4.1","value":"response.design.q_4.1"},{"key":"response.design.q_4.2","value":"response.design.q_4.2"}],"FireAndForget":false,"SchemaVersion":0,"StringifyValues":true},{"Type":"Standard","ID":"BL_3kqUW0Jo9dFHdBA","FlowID":"FL_7","Autofill":[]},{"Type":"WebService","FlowID":"FL_76","URL":"https:\/\/protected-savannah-15694.herokuapp.com\/qualtrics_custom\/update_and_choose","Method":"PUT","RequestParams":[],"EditBodyParams":[{"key":"profile_id","value":"${e:\/\/Field\/profile_id}","parameterType":"Number"},{"key":"question_no","value":"5","parameterType":"Number"},{"key":"answer","value":"${q:\/\/QID8\/SelectedChoicesRecode}","parameterType":"Number"}],"Body":{"profile_id":"${e:\/\/Field\/profile_id}","question_no":5,"answer":"${q:\/\/QID8\/SelectedChoicesRecode}"},"ContentType":"application\/json","Headers":[],"ResponseMap":[{"key":"response.base.price_5","value":"response.base.price_5"},{"key":"response.base.color_5","value":"response.base.color_5"},{"key":"response.base.type_5","value":"response.base.type_5"},{"key":"response.base.choice_message_5","value":"response.base.choice_message_5"},{"key":"response.treat.price_5","value":"response.treat.price_5"},{"key":"response.treat.color_5","value":"response.treat.color_5"},{"key":"response.treat.type_5","value":"response.treat.type_5"},{"key":"response.treat.choice_message_5","value":"response.treat.choice_message_5"},{"key":"response.design.q_5.0","value":"response.design.q_5.0"},{"key":"response.design.q_5.1","value":"response.design.q_5.1"},{"key":"response.design.q_5.2","value":"response.design.q_5.2"}],"FireAndForget":false,"SchemaVersion":0,"StringifyValues":true},{"Type":"Standard","ID":"BL_3OgXwS0EOIHMwLk","FlowID":"FL_9","Autofill":[]},{"Type":"WebService","FlowID":"FL_77","URL":"https:\/\/protected-savannah-15694.herokuapp.com\/qualtrics_custom\/update_and_choose","Method":"PUT","RequestParams":[],"EditBodyParams":[{"key":"profile_id","value":"${e:\/\/Field\/profile_id}","parameterType":"Number"},{"key":"question_no","value":"6","parameterType":"Number"},{"key":"answer","value":"${q:\/\/QID9\/SelectedChoicesRecode}","parameterType":"Number"}],"Body":{"profile_id":"${e:\/\/Field\/profile_id}","question_no":6,"answer":"${q:\/\/QID9\/SelectedChoicesRecode}"},"ContentType":"application\/json","Headers":[],"ResponseMap":[{"key":"response.base.price_6","value":"response.base.price_6"},{"key":"response.base.color_6","value":"response.base.color_6"},{"key":"response.base.type_6","value":"response.base.type_6"},{"key":"response.base.choice_message_6","value":"response.base.choice_message_6"},{"key":"response.treat.price_6","value":"response.treat.price_6"},{"key":"response.treat.color_6","value":"response.treat.color_6"},{"key":"response.treat.type_6","value":"response.treat.type_6"},{"key":"response.treat.choice_message_6","value":"response.treat.choice_message_6"},{"key":"response.design.q_6.0","value":"response.design.q_6.0"},{"key":"response.design.q_6.1","value":"response.design.q_6.1"},{"key":"response.design.q_6.2","value":"response.design.q_6.2"}],"FireAndForget":false,"SchemaVersion":0,"StringifyValues":true},{"Type":"Standard","ID":"BL_08QVuBLxrfdVWo6","FlowID":"FL_10","Autofill":[]},{"Type":"WebService","FlowID":"FL_78","URL":"https:\/\/protected-savannah-15694.herokuapp.com\/qualtrics_custom\/update_and_choose","Method":"PUT","RequestParams":[],"EditBodyParams":[{"key":"profile_id","value":"${e:\/\/Field\/profile_id}","parameterType":"Number"},{"key":"question_no","value":"7","parameterType":"Number"},{"key":"answer","value":"${q:\/\/QID10\/SelectedChoicesRecode}","parameterType":"Number"}],"Body":{"profile_id":"${e:\/\/Field\/profile_id}","question_no":7,"answer":"${q:\/\/QID10\/SelectedChoicesRecode}"},"ContentType":"application\/json","Headers":[],"ResponseMap":[{"key":"","value":"Set a Value Now"},{"key":"response.base.price_7","value":"response.base.price_7"},{"key":"response.base.color_7","value":"response.base.color_7"},{"key":"response.base.type_7","value":"response.base.type_7"},{"key":"response.base.choice_message_7","value":"response.base.choice_message_7"},{"key":"response.treat.price_7","value":"response.treat.price_7"},{"key":"response.treat.color_7","value":"response.treat.color_7"},{"key":"response.treat.type_7","value":"response.treat.type_7"},{"key":"response.treat.choice_message_7","value":"response.treat.choice_message_7"},{"key":"response.design.q_7.0","value":"response.design.q_7.0"},{"key":"response.design.q_7.1","value":"response.design.q_7.1"},{"key":"response.design.q_7.2","value":"response.design.q_7.2"}],"FireAndForget":false,"SchemaVersion":0,"StringifyValues":true},{"Type":"Standard","ID":"BL_9t62V8uYeZFZBkO","FlowID":"FL_11","Autofill":[]},{"Type":"WebService","FlowID":"FL_79","URL":"https:\/\/protected-savannah-15694.herokuapp.com\/qualtrics_custom\/update_and_choose","Method":"PUT","RequestParams":[],"EditBodyParams":[{"key":"profile_id","value":"${e:\/\/Field\/profile_id}","parameterType":"Number"},{"key":"question_no","value":"8","parameterType":"Number"},{"key":"answer","value":"${q:\/\/QID11\/SelectedChoicesRecode}","parameterType":"Number"}],"Body":{"profile_id":"${e:\/\/Field\/profile_id}","question_no":8,"answer":"${q:\/\/QID11\/SelectedChoicesRecode}"},"ContentType":"application\/json","Headers":[],"ResponseMap":[{"key":"","value":"Set a Value Now"},{"key":"response.base.price_8","value":"response.base.price_8"},{"key":"response.base.color_8","value":"response.base.color_8"},{"key":"response.base.type_8","value":"response.base.type_8"},{"key":"response.base.choice_message_8","value":"response.base.choice_message_8"},{"key":"response.treat.price_8","value":"response.treat.price_8"},{"key":"response.treat.color_8","value":"response.treat.color_8"},{"key":"response.treat.type_8","value":"response.treat.type_8"},{"key":"response.treat.choice_message_8","value":"response.treat.choice_message_8"},{"key":"response.design.q_8.0","value":"response.design.q_8.0"},{"key":"response.design.q_8.1","value":"response.design.q_8.1"},{"key":"response.design.q_8.2","value":"response.design.q_8.2"}],"FireAndForget":false,"SchemaVersion":0,"StringifyValues":true},{"Type":"Standard","ID":"BL_2fNzdMvDq7ipuSy","FlowID":"FL_12","Autofill":[]},{"Type":"WebService","FlowID":"FL_80","URL":"https:\/\/protected-savannah-15694.herokuapp.com\/qualtrics_custom\/update_and_choose","Method":"PUT","RequestParams":[],"EditBodyParams":[{"key":"profile_id","value":"${e:\/\/Field\/profile_id}","parameterType":"Number"},{"key":"question_no","value":"9","parameterType":"Number"},{"key":"answer","value":"${q:\/\/QID12\/SelectedChoicesRecode}","parameterType":"Number"}],"Body":{"profile_id":"${e:\/\/Field\/profile_id}","question_no":9,"answer":"${q:\/\/QID12\/SelectedChoicesRecode}"},"ContentType":"application\/json","Headers":[],"ResponseMap":[{"key":"","value":"Set a Value Now"},{"key":"response.base.price_9","value":"response.base.price_9"},{"key":"response.base.color_9","value":"response.base.color_9"},{"key":"response.base.type_9","value":"response.base.type_9"},{"key":"response.base.choice_message_9","value":"response.base.choice_message_9"},{"key":"response.treat.price_9","value":"response.treat.price_9"},{"key":"response.treat.color_9","value":"response.treat.color_9"},{"key":"response.treat.type_9","value":"response.treat.type_9"},{"key":"response.treat.choice_message_9","value":"response.treat.choice_message_9"},{"key":"response.design.q_9.0","value":"response.design.q_9.0"},{"key":"response.design.q_9.1","value":"response.design.q_9.1"},{"key":"response.design.q_9.2","value":"response.design.q_9.2"}],"FireAndForget":false,"SchemaVersion":0,"StringifyValues":true},{"Type":"Standard","ID":"BL_9B0QnjxLJK6z9vU","FlowID":"FL_13","Autofill":[]},{"Type":"WebService","FlowID":"FL_81","URL":"https:\/\/protected-savannah-15694.herokuapp.com\/qualtrics_custom\/update_and_choose","Method":"PUT","RequestParams":[],"EditBodyParams":[{"key":"profile_id","value":"${e:\/\/Field\/profile_id}","parameterType":"Number"},{"key":"question_no","value":"10","parameterType":"Number"},{"key":"answer","value":"${q:\/\/QID13\/SelectedChoicesRecode}","parameterType":"Number"}],"Body":{"profile_id":"${e:\/\/Field\/profile_id}","question_no":10,"answer":"${q:\/\/QID13\/SelectedChoicesRecode}"},"ContentType":"application\/json","Headers":[],"ResponseMap":[{"key":"","value":"Set a Value Now"},{"key":"response.base.price_10","value":"response.base.price_10"},{"key":"response.base.color_10","value":"response.base.color_10"},{"key":"response.base.type_10","value":"response.base.type_10"},{"key":"response.base.choice_message_10","value":"response.base.choice_message_10"},{"key":"response.treat.price_10","value":"response.treat.price_10"},{"key":"response.treat.color_10","value":"response.treat.color_10"},{"key":"response.treat.type_10","value":"response.treat.type_10"},{"key":"response.treat.choice_message_10","value":"response.treat.choice_message_10"},{"key":"response.design.q_10.0","value":"response.design.q_10.0"},{"key":"response.design.q_10.1","value":"response.design.q_10.1"},{"key":"response.design.q_10.2","value":"response.design.q_10.2"}],"FireAndForget":false,"SchemaVersion":0,"StringifyValues":true},{"Type":"Standard","ID":"BL_6hzKq6pv2c6FmKi","FlowID":"FL_14","Autofill":[]},{"Type":"WebService","FlowID":"FL_82","URL":"https:\/\/protected-savannah-15694.herokuapp.com\/qualtrics_custom\/update_and_choose","Method":"PUT","RequestParams":[],"EditBodyParams":[{"key":"profile_id","value":"${e:\/\/Field\/profile_id}","parameterType":"Number"},{"key":"question_no","value":"11","parameterType":"Number"},{"key":"answer","value":"${q:\/\/QID14\/SelectedChoicesRecode}","parameterType":"Number"}],"Body":{"profile_id":"${e:\/\/Field\/profile_id}","question_no":11,"answer":"${q:\/\/QID14\/SelectedChoicesRecode}"},"ContentType":"application\/json","Headers":[],"ResponseMap":[{"key":"","value":"Set a Value Now"},{"key":"response.base.price_11","value":"response.base.price_11"},{"key":"response.base.color_11","value":"response.base.color_11"},{"key":"response.base.type_11","value":"response.base.type_11"},{"key":"response.base.choice_message_11","value":"response.base.choice_message_11"},{"key":"response.treat.price_11","value":"response.treat.price_11"},{"key":"response.treat.color_11","value":"response.treat.color_11"},{"key":"response.treat.type_11","value":"response.treat.type_11"},{"key":"response.treat.choice_message_11","value":"response.treat.choice_message_11"},{"key":"response.design.q_11.0","value":"response.design.q_11.0"},{"key":"response.design.q_11.1","value":"response.design.q_11.1"},{"key":"response.design.q_11.2","value":"response.design.q_11.2"}],"FireAndForget":false,"SchemaVersion":0,"StringifyValues":true},{"Type":"Standard","ID":"BL_be0VFilLET2Z0Gy","FlowID":"FL_15","Autofill":[]},{"Type":"WebService","FlowID":"FL_83","URL":"https:\/\/protected-savannah-15694.herokuapp.com\/qualtrics_custom\/update_and_return_estimates","Method":"PUT","RequestParams":[],"EditBodyParams":[{"key":"profile_id","value":"${e:\/\/Field\/profile_id}","parameterType":"Number"},{"key":"answer","value":"${q:\/\/QID15\/SelectedChoicesRecode}","parameterType":"Number"}],"Body":{"profile_id":"${e:\/\/Field\/profile_id}","answer":"${q:\/\/QID15\/SelectedChoicesRecode}"},"ContentType":"application\/json","Headers":[],"ResponseMap":[{"key":"response.mean_color","value":"response.mean_color"},{"key":"response.mean_pen_type","value":"response.mean_pen_type"},{"key":"response.mean_mu","value":"response.mean_mu"}],"FireAndForget":false,"SchemaVersion":0,"StringifyValues":true}]},{"Type":"Standard","ID":"BL_1HS08JhZji2V6UC","FlowID":"FL_50","Autofill":[]}],"Properties":{"Count":84,"RemovedFieldsets":[]}}},{"SurveyID":"SV_0BahRK5EoVUICeG","Element":"PL","PrimaryAttribute":"Preview Link","SecondaryAttribute":null,"TertiaryAttribute":null,"Payload":{"PreviewType":"Brand","PreviewID":"936f6a05-e6f2-4e3d-a688-64d7ab550492"}},{"SurveyID":"SV_0BahRK5EoVUICeG","Element":"RS","PrimaryAttribute":"RS_eCF5EYNqGH8R8RU","SecondaryAttribute":null,"TertiaryAttribute":null,"Payload":null},{"SurveyID":"SV_0BahRK5EoVUICeG","Element":"SO","PrimaryAttribute":"Survey Options","SecondaryAttribute":null,"TertiaryAttribute":null,"Payload":{"BackButton":"false","SaveAndContinue":"true","SurveyProtection":"PublicSurvey","BallotBoxStuffingPrevention":"false","NoIndex":"Yes","SecureResponseFiles":"true","SurveyExpiration":"None","SurveyTermination":"DefaultMessage","Header":"","Footer":"","ProgressBarDisplay":"None","PartialData":"+1 week","ValidationMessage":null,"PreviousButton":" \u2190 ","NextButton":" \u2192 ","SurveyTitle":"Qualtrics Survey | Qualtrics Experience Management","SkinLibrary":"bostonu","SkinType":"templated","Skin":{"brandingId":"7133790721","templateId":"*base","overrides":null},"NewScoring":1,"EOSMessage":null,"ShowExportTags":"false","CollectGeoLocation":"false","SurveyMetaDescription":"The most powerful, simple and trusted way to gather experience data. Start your journey to experience management and try a free account today.","PasswordProtection":"No","AnonymizeResponse":"No","RefererCheck":"No","BallotBoxStuffingPreventionBehavior":null,"BallotBoxStuffingPreventionMessage":null,"BallotBoxStuffingPreventionMessageLibrary":null,"BallotBoxStuffingPreventionURL":null,"RecaptchaV3":"false","ConfirmStart":false,"AutoConfirmStart":false,"RelevantID":"false","RelevantIDLockoutPeriod":"+30 days","UseCustomSurveyLinkCompletedMessage":null,"SurveyLinkCompletedMessage":null,"SurveyLinkCompletedMessageLibrary":null,"ResponseSummary":"No","EOSMessageLibrary":null,"EOSRedirectURL":null,"EmailThankYou":"false","ThankYouEmailMessageLibrary":null,"ThankYouEmailMessage":null,"ValidateMessage":"false","ValidationMessageLibrary":null,"InactiveSurvey":null,"PartialDeletion":null,"PartialDataCloseAfter":"LastActivity","InactiveMessageLibrary":null,"InactiveMessage":null,"AvailableLanguages":{"EN":[]},"CustomStyles":[],"ProtectSelectionIds":true}},{"SurveyID":"SV_0BahRK5EoVUICeG","Element":"SCO","PrimaryAttribute":"Scoring","SecondaryAttribute":null,"TertiaryAttribute":null,"Payload":{"ScoringCategories":[],"ScoringCategoryGroups":[],"ScoringSummaryCategory":null,"ScoringSummaryAfterQuestions":0,"ScoringSummaryAfterSurvey":0,"DefaultScoringCategory":null,"AutoScoringCategory":null}},{"SurveyID":"SV_0BahRK5EoVUICeG","Element":"PROJ","PrimaryAttribute":"CORE","SecondaryAttribute":null,"TertiaryAttribute":"1.1.0","Payload":{"ProjectCategory":"CORE","SchemaVersion":"1.1.0"}},{"SurveyID":"SV_0BahRK5EoVUICeG","Element":"STAT","PrimaryAttribute":"Survey Statistics","SecondaryAttribute":null,"TertiaryAttribute":null,"Payload":{"MobileCompatible":true,"ID":"Survey Statistics"}},{"SurveyID":"SV_0BahRK5EoVUICeG","Element":"SQ","PrimaryAttribute":"QID23","SecondaryAttribute":"${e:\/\/Field\/question_message} ${e:\/\/Field\/job_compare_message}","TertiaryAttribute":null,"Payload":{"ChoiceOrder":[1,2],"Choices":{"1":{"Display":"${e:\/\/Field\/base.choice_message_12}"},"2":{"Display":"${e:\/\/Field\/treat.choice_message_12}"}},"Configuration":{"LabelPosition":"BELOW","QuestionDescriptionOption":"UseText"},"DataVisibility":{"Hidden":false,"Private":false},"DefaultChoices":false,"GradingData":[],"Language":[],"NextAnswerId":1,"NextChoiceId":3,"QuestionDescription":"${e:\/\/Field\/question_message} ${e:\/\/Field\/job_compare_message}","QuestionText":"${e:\/\/Field\/question_message}\r\n${e:\/\/Field\/job_compare_message}","QuestionText_Unsafe":"Which job do you prefer?","QuestionType":"MC","RecodeValues":{"1":"0","2":"1"},"Selector":"SAHR","SubSelector":"TX","Validation":{"Settings":{"ForceResponse":"ON","ForceResponseType":"ON","Type":"None"}},"DataExportTag":"question_12","QuestionID":"QID23","Randomization":{"Advanced":null,"TotalRandSubset":"","Type":"All"}}},{"SurveyID":"SV_0BahRK5EoVUICeG","Element":"SQ","PrimaryAttribute":"QID56","SecondaryAttribute":"${e:\/\/Field\/question_message} ${e:\/\/Field\/job_compare_message}","TertiaryAttribute":null,"Payload":{"ChoiceOrder":[1,2],"Choices":{"1":{"Display":"<table border=\"1\" cellpadding=\"1\" cellspacing=\"1\" style=\"width:320px;\">\n\t<tbody>\n\t\t<tr>\n\t\t\t<td style=\"text-align: center;\">Option A<\/td>\n\t\t<\/tr>\n\t\t<tr>\n\t\t\t<td>$${e:\/\/Field\/dominated_numeraire_1}<\/td>\n\t\t<\/tr>\n\t\t<tr>\n\t\t\t<td>${e:\/\/Field\/dominated_a_1}<\/td>\n\t\t<\/tr>\n\t\t<tr>\n\t\t\t<td>${e:\/\/Field\/dominated_b_1}<\/td>\n\t\t<\/tr>\n\t\t<tr>\n\t\t\t<td>${e:\/\/Field\/dominated_c_1}<\/td>\n\t\t<\/tr>\n\t<\/tbody>\n<\/table>\n"},"2":{"Display":"<table border=\"1\" cellpadding=\"1\" cellspacing=\"1\" style=\"width:320px;\">\n\t<tbody>\n\t\t<tr>\n\t\t\t<td style=\"text-align: center;\">Option B<\/td>\n\t\t<\/tr>\n\t\t<tr>\n\t\t\t<td>$${e:\/\/Field\/dominating_numeraire_1}<\/td>\n\t\t<\/tr>\n\t\t<tr>\n\t\t\t<td>${e:\/\/Field\/dominating_a_1}<\/td>\n\t\t<\/tr>\n\t\t<tr>\n\t\t\t<td>${e:\/\/Field\/dominating_b_1}<\/td>\n\t\t<\/tr>\n\t\t<tr>\n\t\t\t<td>${e:\/\/Field\/dominating_c_1}<\/td>\n\t\t<\/tr>\n\t<\/tbody>\n<\/table>\n"}},"Configuration":{"LabelPosition":"BELOW","QuestionDescriptionOption":"UseText"},"DataVisibility":{"Hidden":false,"Private":false},"DefaultChoices":false,"GradingData":[],"Language":[],"NextAnswerId":1,"NextChoiceId":3,"QuestionDescription":"${e:\/\/Field\/question_message} ${e:\/\/Field\/job_compare_message}","QuestionText":"${e:\/\/Field\/question_message}\r\n${e:\/\/Field\/job_compare_message}","QuestionText_Unsafe":"Which job do you prefer?","QuestionType":"MC","RecodeValues":{"1":"0","2":"1"},"Selector":"SAHR","SubSelector":"TX","Validation":{"Settings":{"ForceResponse":"ON","ForceResponseType":"ON","Type":"None"}},"Randomization":{"Advanced":null,"TotalRandSubset":"","Type":"All"},"DataExportTag":"dominated_1","QuestionID":"QID56"}},{"SurveyID":"SV_0BahRK5EoVUICeG","Element":"QC","PrimaryAttribute":"Survey Question Count","SecondaryAttribute":"59","TertiaryAttribute":null,"Payload":null},{"SurveyID":"SV_0BahRK5EoVUICeG","Element":"SQ","PrimaryAttribute":"QID24","SecondaryAttribute":"Coefficient Mean ${e:\/\/Field\/response.color_info.label} ${e:\/\/Field\/response.mean_color} ...","TertiaryAttribute":null,"Payload":{"QuestionText":"<table border=\"1\" cellpadding=\"1\" cellspacing=\"1\" style=\"width:500px;\">\n\t<tbody>\n\t\t<tr>\n\t\t\t<td>Coefficient<\/td>\n\t\t\t<td>Mean<\/td>\n\t\t<\/tr>\n\t\t<tr>\n\t\t\t<td>${e:\/\/Field\/response.color_info.label}<\/td>\n\t\t\t<td>${e:\/\/Field\/response.mean_color}<\/td>\n\t\t<\/tr>\n\t\t<tr>\n\t\t\t<td>${e:\/\/Field\/response.type_info.label}<\/td>\n\t\t\t<td>${e:\/\/Field\/response.mean_pen_type}<\/td>\n\t\t<\/tr>\n\t\t<tr>\n\t\t\t<td>Mu<\/td>\n\t\t\t<td>${e:\/\/Field\/response.mean_mu}<\/td>\n\t\t<\/tr>\n\t<\/tbody>\n<\/table>","DefaultChoices":false,"DataExportTag":"display_est","QuestionType":"DB","Selector":"TB","Configuration":{"QuestionDescriptionOption":"UseText"},"QuestionDescription":"Coefficient Mean ${e:\/\/Field\/response.color_info.label} ${e:\/\/Field\/response.mean_color} ...","ChoiceOrder":[],"Validation":{"Settings":{"Type":"None"}},"GradingData":[],"Language":[],"NextChoiceId":4,"NextAnswerId":1,"QuestionID":"QID24","DataVisibility":{"Private":false,"Hidden":false}}},{"SurveyID":"SV_0BahRK5EoVUICeG","Element":"SQ","PrimaryAttribute":"QID59","SecondaryAttribute":"In this survey, you will be shown a series of questions that ask you to choose your preferred pen...","TertiaryAttribute":null,"Payload":{"QuestionText":"In this survey, you will be shown a series of questions that ask you to choose your preferred pen. These pens will differ along three characteristics:\n<ul>\n\t<li><em>Price<\/em>&nbsp;- Price you pay<\/li>\n\t<li><em>${e:\/\/Field\/response.color_info.label}<\/em>&nbsp;- ${e:\/\/Field\/response.color_info.description}<\/li>\n\t<li><i>${e:\/\/Field\/response.type_info.label}<\/i>&nbsp;- ${e:\/\/Field\/response.type_info.description}<\/li>\n<\/ul>\nImagine the pens are identical in all characteristics that are not stated. Please select the option you prefer.","DefaultChoices":false,"DataExportTag":"description","QuestionID":"QID59","QuestionType":"DB","Selector":"TB","Configuration":{"QuestionDescriptionOption":"UseText"},"QuestionDescription":"In this survey, you will be shown a series of questions that ask you to choose your preferred pen...","ChoiceOrder":[],"Validation":{"Settings":{"Type":"None"}},"GradingData":[],"Language":[],"NextChoiceId":4,"NextAnswerId":1,"DataVisibility":{"Private":false,"Hidden":false}}},{"SurveyID":"SV_0BahRK5EoVUICeG","Element":"SQ","PrimaryAttribute":"QID4","SecondaryAttribute":"The two pens are identical in all aspects except those that are displayed below. Which pen would...","TertiaryAttribute":null,"Payload":{"ChoiceOrder":[1,2],"Choices":{"1":{"Display":"${e:\/\/Field\/response.base.choice_message_0}"},"2":{"Display":"${e:\/\/Field\/response.treat.choice_message_0}"}},"Configuration":{"LabelPosition":"BELOW","QuestionDescriptionOption":"UseText"},"DataExportTag":"question_0","DataVisibility":{"Hidden":false,"Private":false},"DefaultChoices":false,"GradingData":[],"Language":[],"NextAnswerId":1,"NextChoiceId":3,"QuestionDescription":"The two pens are identical in all aspects except those that are displayed below. Which pen would...","QuestionID":"QID4","QuestionText":"The two pens are identical in all aspects except those that are displayed below.<br><br>Which pen would you prefer?","QuestionText_Unsafe":"Which option would you choose?","QuestionType":"MC","RecodeValues":{"1":"0","2":"1"},"Selector":"SAHR","SubSelector":"TX","Validation":{"Settings":{"ForceResponse":"ON","ForceResponseType":"ON","Type":"None"}},"Randomization":{"Advanced":null,"TotalRandSubset":"","Type":"All"}}},{"SurveyID":"SV_0BahRK5EoVUICeG","Element":"SQ","PrimaryAttribute":"QID5","SecondaryAttribute":"The two pens are identical in all aspects except those that are displayed below. Which pen would...","TertiaryAttribute":null,"Payload":{"ChoiceOrder":[1,2],"Choices":{"1":{"Display":"${e:\/\/Field\/response.base.choice_message_1}"},"2":{"Display":"${e:\/\/Field\/response.treat.choice_message_1}"}},"Configuration":{"LabelPosition":"BELOW","QuestionDescriptionOption":"UseText"},"DataVisibility":{"Hidden":false,"Private":false},"DefaultChoices":false,"GradingData":[],"Language":[],"NextAnswerId":1,"NextChoiceId":3,"QuestionDescription":"The two pens are identical in all aspects except those that are displayed below. Which pen would...","QuestionText":"The two pens are identical in all aspects except those that are displayed below.<br><br>Which pen would you prefer?","QuestionText_Unsafe":"Which job do you prefer?","QuestionType":"MC","RecodeValues":{"1":"0","2":"1"},"Selector":"SAHR","SubSelector":"TX","Validation":{"Settings":{"ForceResponse":"ON","ForceResponseType":"ON","Type":"None"}},"DataExportTag":"question_1","QuestionID":"QID5","Randomization":{"Advanced":null,"TotalRandSubset":"","Type":"All"}}},{"SurveyID":"SV_0BahRK5EoVUICeG","Element":"SQ","PrimaryAttribute":"QID6","SecondaryAttribute":"The two pens are identical in all aspects except those that are displayed below. Which pen would...","TertiaryAttribute":null,"Payload":{"ChoiceOrder":[1,2],"Choices":{"1":{"Display":"${e:\/\/Field\/response.base.choice_message_2}"},"2":{"Display":"${e:\/\/Field\/response.treat.choice_message_2}"}},"Configuration":{"LabelPosition":"BELOW","QuestionDescriptionOption":"UseText"},"DataVisibility":{"Hidden":false,"Private":false},"DefaultChoices":false,"GradingData":[],"Language":[],"NextAnswerId":1,"NextChoiceId":3,"QuestionDescription":"The two pens are identical in all aspects except those that are displayed below. Which pen would...","QuestionText":"The two pens are identical in all aspects except those that are displayed below.<br \/>\n<br \/>\nWhich pen would you prefer?","QuestionText_Unsafe":"Which job do you prefer?","QuestionType":"MC","RecodeValues":{"1":"0","2":"1"},"Selector":"SAHR","SubSelector":"TX","Validation":{"Settings":{"ForceResponse":"ON","ForceResponseType":"ON","Type":"None"}},"DataExportTag":"question_2","QuestionID":"QID6","Randomization":{"Advanced":null,"TotalRandSubset":"","Type":"All"}}},{"SurveyID":"SV_0BahRK5EoVUICeG","Element":"SQ","PrimaryAttribute":"QID7","SecondaryAttribute":"The two pens are identical in all aspects except those that are displayed below. Which pen would...","TertiaryAttribute":null,"Payload":{"ChoiceOrder":[1,2],"Choices":{"1":{"Display":"${e:\/\/Field\/response.base.choice_message_3}"},"2":{"Display":"${e:\/\/Field\/response.treat.choice_message_3}"}},"Configuration":{"LabelPosition":"BELOW","QuestionDescriptionOption":"UseText"},"DataVisibility":{"Hidden":false,"Private":false},"DefaultChoices":false,"GradingData":[],"Language":[],"NextAnswerId":1,"NextChoiceId":3,"QuestionDescription":"The two pens are identical in all aspects except those that are displayed below. Which pen would...","QuestionText":"The two pens are identical in all aspects except those that are displayed below.<br \/>\n<br \/>\nWhich pen would you prefer?","QuestionText_Unsafe":"Which job do you prefer?","QuestionType":"MC","RecodeValues":{"1":"0","2":"1"},"Selector":"SAHR","SubSelector":"TX","Validation":{"Settings":{"ForceResponse":"ON","ForceResponseType":"ON","Type":"None"}},"DataExportTag":"question_3","QuestionID":"QID7","Randomization":{"Advanced":null,"TotalRandSubset":"","Type":"All"}}},{"SurveyID":"SV_0BahRK5EoVUICeG","Element":"SQ","PrimaryAttribute":"QID8","SecondaryAttribute":"The two pens are identical in all aspects except those that are displayed below. Which pen would...","TertiaryAttribute":null,"Payload":{"ChoiceOrder":[1,2],"Choices":{"1":{"Display":"${e:\/\/Field\/response.base.choice_message_4}"},"2":{"Display":"${e:\/\/Field\/response.treat.choice_message_4}"}},"Configuration":{"LabelPosition":"BELOW","QuestionDescriptionOption":"UseText"},"DataVisibility":{"Hidden":false,"Private":false},"DefaultChoices":false,"GradingData":[],"Language":[],"NextAnswerId":1,"NextChoiceId":3,"QuestionDescription":"The two pens are identical in all aspects except those that are displayed below. Which pen would...","QuestionText":"The two pens are identical in all aspects except those that are displayed below.<br \/>\n<br \/>\nWhich pen would you prefer?","QuestionText_Unsafe":"Which job do you prefer?","QuestionType":"MC","RecodeValues":{"1":"0","2":"1"},"Selector":"SAHR","SubSelector":"TX","Validation":{"Settings":{"ForceResponse":"ON","ForceResponseType":"ON","Type":"None"}},"DataExportTag":"question_4","QuestionID":"QID8","Randomization":{"Advanced":null,"TotalRandSubset":"","Type":"All"}}},{"SurveyID":"SV_0BahRK5EoVUICeG","Element":"SQ","PrimaryAttribute":"QID9","SecondaryAttribute":"The two pens are identical in all aspects except those that are displayed below. Which pen would...","TertiaryAttribute":null,"Payload":{"ChoiceOrder":[1,2],"Choices":{"1":{"Display":"${e:\/\/Field\/response.base.choice_message_5}"},"2":{"Display":"${e:\/\/Field\/response.treat.choice_message_5}"}},"Configuration":{"LabelPosition":"BELOW","QuestionDescriptionOption":"UseText"},"DataVisibility":{"Hidden":false,"Private":false},"DefaultChoices":false,"GradingData":[],"Language":[],"NextAnswerId":1,"NextChoiceId":3,"QuestionDescription":"The two pens are identical in all aspects except those that are displayed below. Which pen would...","QuestionText":"The two pens are identical in all aspects except those that are displayed below.<br \/>\n<br \/>\nWhich pen would you prefer?","QuestionText_Unsafe":"Which job do you prefer?","QuestionType":"MC","RecodeValues":{"1":"0","2":"1"},"Selector":"SAHR","SubSelector":"TX","Validation":{"Settings":{"ForceResponse":"ON","ForceResponseType":"ON","Type":"None"}},"DataExportTag":"question_5","QuestionID":"QID9","Randomization":{"Advanced":null,"TotalRandSubset":"","Type":"All"}}},{"SurveyID":"SV_0BahRK5EoVUICeG","Element":"SQ","PrimaryAttribute":"QID10","SecondaryAttribute":"The two pens are identical in all aspects except those that are displayed below. Which pen would...","TertiaryAttribute":null,"Payload":{"ChoiceOrder":[1,2],"Choices":{"1":{"Display":"${e:\/\/Field\/response.base.choice_message_6}"},"2":{"Display":"${e:\/\/Field\/response.treat.choice_message_6}"}},"Configuration":{"LabelPosition":"BELOW","QuestionDescriptionOption":"UseText"},"DataVisibility":{"Hidden":false,"Private":false},"DefaultChoices":false,"GradingData":[],"Language":[],"NextAnswerId":1,"NextChoiceId":3,"QuestionDescription":"The two pens are identical in all aspects except those that are displayed below. Which pen would...","QuestionText":"The two pens are identical in all aspects except those that are displayed below.<br \/>\n<br \/>\nWhich pen would you prefer?","QuestionText_Unsafe":"Which job do you prefer?","QuestionType":"MC","RecodeValues":{"1":"0","2":"1"},"Selector":"SAHR","SubSelector":"TX","Validation":{"Settings":{"ForceResponse":"ON","ForceResponseType":"ON","Type":"None"}},"DataExportTag":"question_6","QuestionID":"QID10","Randomization":{"Advanced":null,"TotalRandSubset":"","Type":"All"}}},{"SurveyID":"SV_0BahRK5EoVUICeG","Element":"SQ","PrimaryAttribute":"QID11","SecondaryAttribute":"The two pens are identical in all aspects except those that are displayed below. Which pen would...","TertiaryAttribute":null,"Payload":{"ChoiceOrder":[1,2],"Choices":{"1":{"Display":"${e:\/\/Field\/response.base.choice_message_7}"},"2":{"Display":"${e:\/\/Field\/response.treat.choice_message_7}"}},"Configuration":{"LabelPosition":"BELOW","QuestionDescriptionOption":"UseText"},"DataVisibility":{"Hidden":false,"Private":false},"DefaultChoices":false,"GradingData":[],"Language":[],"NextAnswerId":1,"NextChoiceId":3,"QuestionDescription":"The two pens are identical in all aspects except those that are displayed below. Which pen would...","QuestionText":"The two pens are identical in all aspects except those that are displayed below.<br \/>\n<br \/>\nWhich pen would you prefer?","QuestionText_Unsafe":"Which job do you prefer?","QuestionType":"MC","RecodeValues":{"1":"0","2":"1"},"Selector":"SAHR","SubSelector":"TX","Validation":{"Settings":{"ForceResponse":"ON","ForceResponseType":"ON","Type":"None"}},"DataExportTag":"question_7","QuestionID":"QID11","Randomization":{"Advanced":null,"TotalRandSubset":"","Type":"All"}}},{"SurveyID":"SV_0BahRK5EoVUICeG","Element":"SQ","PrimaryAttribute":"QID12","SecondaryAttribute":"The two pens are identical in all aspects except those that are displayed below. Which pen would...","TertiaryAttribute":null,"Payload":{"ChoiceOrder":[1,2],"Choices":{"1":{"Display":"${e:\/\/Field\/response.base.choice_message_8}"},"2":{"Display":"${e:\/\/Field\/response.treat.choice_message_8}"}},"Configuration":{"LabelPosition":"BELOW","QuestionDescriptionOption":"UseText"},"DataVisibility":{"Hidden":false,"Private":false},"DefaultChoices":false,"GradingData":[],"Language":[],"NextAnswerId":1,"NextChoiceId":3,"QuestionDescription":"The two pens are identical in all aspects except those that are displayed below. Which pen would...","QuestionText":"The two pens are identical in all aspects except those that are displayed below.<br \/>\n<br \/>\nWhich pen would you prefer?","QuestionText_Unsafe":"Which job do you prefer?","QuestionType":"MC","RecodeValues":{"1":"0","2":"1"},"Selector":"SAHR","SubSelector":"TX","Validation":{"Settings":{"ForceResponse":"ON","ForceResponseType":"ON","Type":"None"}},"DataExportTag":"question_8","QuestionID":"QID12","Randomization":{"Advanced":null,"TotalRandSubset":"","Type":"All"}}},{"SurveyID":"SV_0BahRK5EoVUICeG","Element":"SQ","PrimaryAttribute":"QID13","SecondaryAttribute":"The two pens are identical in all aspects except those that are displayed below. Which pen would...","TertiaryAttribute":null,"Payload":{"ChoiceOrder":[1,2],"Choices":{"1":{"Display":"${e:\/\/Field\/response.base.choice_message_9}"},"2":{"Display":"${e:\/\/Field\/response.treat.choice_message_9}"}},"Configuration":{"LabelPosition":"BELOW","QuestionDescriptionOption":"UseText"},"DataVisibility":{"Hidden":false,"Private":false},"DefaultChoices":false,"GradingData":[],"Language":[],"NextAnswerId":1,"NextChoiceId":3,"QuestionDescription":"The two pens are identical in all aspects except those that are displayed below. Which pen would...","QuestionText":"The two pens are identical in all aspects except those that are displayed below.<br \/>\n<br \/>\nWhich pen would you prefer?","QuestionText_Unsafe":"Which job do you prefer?","QuestionType":"MC","RecodeValues":{"1":"0","2":"1"},"Selector":"SAHR","SubSelector":"TX","Validation":{"Settings":{"ForceResponse":"ON","ForceResponseType":"ON","Type":"None"}},"DataExportTag":"question_9","QuestionID":"QID13"}},{"SurveyID":"SV_0BahRK5EoVUICeG","Element":"SQ","PrimaryAttribute":"QID14","SecondaryAttribute":"The two pens are identical in all aspects except those that are displayed below. Which pen would...","TertiaryAttribute":null,"Payload":{"ChoiceOrder":[1,2],"Choices":{"1":{"Display":"${e:\/\/Field\/response.base.choice_message_10}"},"2":{"Display":"${e:\/\/Field\/response.treat.choice_message_10}"}},"Configuration":{"LabelPosition":"BELOW","QuestionDescriptionOption":"UseText"},"DataVisibility":{"Hidden":false,"Private":false},"DefaultChoices":false,"GradingData":[],"Language":[],"NextAnswerId":1,"NextChoiceId":3,"QuestionDescription":"The two pens are identical in all aspects except those that are displayed below. Which pen would...","QuestionText":"The two pens are identical in all aspects except those that are displayed below.<br \/>\n<br \/>\nWhich pen would you prefer?","QuestionText_Unsafe":"Which job do you prefer?","QuestionType":"MC","RecodeValues":{"1":"0","2":"1"},"Selector":"SAHR","SubSelector":"TX","Validation":{"Settings":{"ForceResponse":"ON","ForceResponseType":"ON","Type":"None"}},"DataExportTag":"question_10","QuestionID":"QID14"}},{"SurveyID":"SV_0BahRK5EoVUICeG","Element":"SQ","PrimaryAttribute":"QID15","SecondaryAttribute":"The two pens are identical in all aspects except those that are displayed below. Which pen would...","TertiaryAttribute":null,"Payload":{"ChoiceOrder":[1,2],"Choices":{"1":{"Display":"${e:\/\/Field\/response.base.choice_message_11}"},"2":{"Display":"${e:\/\/Field\/response.treat.choice_message_11}"}},"Configuration":{"LabelPosition":"BELOW","QuestionDescriptionOption":"UseText"},"DataVisibility":{"Hidden":false,"Private":false},"DefaultChoices":false,"GradingData":[],"Language":[],"NextAnswerId":1,"NextChoiceId":3,"QuestionDescription":"The two pens are identical in all aspects except those that are displayed below. Which pen would...","QuestionText":"The two pens are identical in all aspects except those that are displayed below.<br \/>\n<br \/>\nWhich pen would you prefer?","QuestionText_Unsafe":"Which job do you prefer?","QuestionType":"MC","RecodeValues":{"1":"0","2":"1"},"Selector":"SAHR","SubSelector":"TX","Validation":{"Settings":{"ForceResponse":"ON","ForceResponseType":"ON","Type":"None"}},"DataExportTag":"question_11","QuestionID":"QID15","Randomization":{"Advanced":null,"TotalRandSubset":"","Type":"All"}}},{"SurveyID":"SV_0BahRK5EoVUICeG","Element":"SQ","PrimaryAttribute":"QID25","SecondaryAttribute":"Timing","TertiaryAttribute":null,"Payload":{"QuestionText":"Timing","DefaultChoices":false,"DataExportTag":"timer_0","QuestionID":"QID25","QuestionType":"Timing","Selector":"PageTimer","Configuration":{"QuestionDescriptionOption":"UseText","MinSeconds":"0","MaxSeconds":"0"},"QuestionDescription":"Timing","Choices":{"1":{"Display":"First Click"},"2":{"Display":"Last Click"},"3":{"Display":"Page Submit"},"4":{"Display":"Click Count"}},"GradingData":[],"Language":[],"NextChoiceId":20,"NextAnswerId":1}},{"SurveyID":"SV_0BahRK5EoVUICeG","Element":"SQ","PrimaryAttribute":"QID26","SecondaryAttribute":"Timing","TertiaryAttribute":null,"Payload":{"QuestionText":"Timing","DefaultChoices":false,"DataExportTag":"timer_1","QuestionType":"Timing","Selector":"PageTimer","DataVisibility":{"Private":false,"Hidden":false},"Configuration":{"QuestionDescriptionOption":"UseText","MinSeconds":"0","MaxSeconds":"0"},"QuestionDescription":"Timing","Choices":{"1":{"Display":"First Click"},"2":{"Display":"Last Click"},"3":{"Display":"Page Submit"},"4":{"Display":"Click Count"}},"GradingData":[],"Language":[],"NextChoiceId":24,"NextAnswerId":1,"QuestionID":"QID26"}},{"SurveyID":"SV_0BahRK5EoVUICeG","Element":"SQ","PrimaryAttribute":"QID27","SecondaryAttribute":"Timing","TertiaryAttribute":null,"Payload":{"QuestionText":"Timing","DefaultChoices":false,"DataExportTag":"timer_2","QuestionType":"Timing","Selector":"PageTimer","DataVisibility":{"Private":false,"Hidden":false},"Configuration":{"QuestionDescriptionOption":"UseText","MinSeconds":"0","MaxSeconds":"0"},"QuestionDescription":"Timing","Choices":{"1":{"Display":"First Click"},"2":{"Display":"Last Click"},"3":{"Display":"Page Submit"},"4":{"Display":"Click Count"}},"GradingData":[],"Language":[],"NextChoiceId":28,"NextAnswerId":1,"QuestionID":"QID27"}},{"SurveyID":"SV_0BahRK5EoVUICeG","Element":"SQ","PrimaryAttribute":"QID28","SecondaryAttribute":"Timing","TertiaryAttribute":null,"Payload":{"QuestionText":"Timing","DefaultChoices":false,"DataExportTag":"timer_3","QuestionType":"Timing","Selector":"PageTimer","DataVisibility":{"Private":false,"Hidden":false},"Configuration":{"QuestionDescriptionOption":"UseText","MinSeconds":"0","MaxSeconds":"0"},"QuestionDescription":"Timing","Choices":{"1":{"Display":"First Click"},"2":{"Display":"Last Click"},"3":{"Display":"Page Submit"},"4":{"Display":"Click Count"}},"GradingData":[],"Language":[],"NextChoiceId":32,"NextAnswerId":1,"QuestionID":"QID28"}},{"SurveyID":"SV_0BahRK5EoVUICeG","Element":"SQ","PrimaryAttribute":"QID29","SecondaryAttribute":"Timing","TertiaryAttribute":null,"Payload":{"QuestionText":"Timing","DefaultChoices":false,"DataExportTag":"timer_4","QuestionType":"Timing","Selector":"PageTimer","DataVisibility":{"Private":false,"Hidden":false},"Configuration":{"QuestionDescriptionOption":"UseText","MinSeconds":"0","MaxSeconds":"0"},"QuestionDescription":"Timing","Choices":{"1":{"Display":"First Click"},"2":{"Display":"Last Click"},"3":{"Display":"Page Submit"},"4":{"Display":"Click Count"}},"GradingData":[],"Language":[],"NextChoiceId":32,"NextAnswerId":1,"QuestionID":"QID29"}},{"SurveyID":"SV_0BahRK5EoVUICeG","Element":"SQ","PrimaryAttribute":"QID30","SecondaryAttribute":"Timing","TertiaryAttribute":null,"Payload":{"QuestionText":"Timing","DefaultChoices":false,"DataExportTag":"timer_5","QuestionType":"Timing","Selector":"PageTimer","DataVisibility":{"Private":false,"Hidden":false},"Configuration":{"QuestionDescriptionOption":"UseText","MinSeconds":"0","MaxSeconds":"0"},"QuestionDescription":"Timing","Choices":{"1":{"Display":"First Click"},"2":{"Display":"Last Click"},"3":{"Display":"Page Submit"},"4":{"Display":"Click Count"}},"GradingData":[],"Language":[],"NextChoiceId":36,"NextAnswerId":1,"QuestionID":"QID30"}},{"SurveyID":"SV_0BahRK5EoVUICeG","Element":"SQ","PrimaryAttribute":"QID31","SecondaryAttribute":"Timing","TertiaryAttribute":null,"Payload":{"QuestionText":"Timing","DefaultChoices":false,"DataExportTag":"timer_6","QuestionType":"Timing","Selector":"PageTimer","DataVisibility":{"Private":false,"Hidden":false},"Configuration":{"QuestionDescriptionOption":"UseText","MinSeconds":"0","MaxSeconds":"0"},"QuestionDescription":"Timing","Choices":{"1":{"Display":"First Click"},"2":{"Display":"Last Click"},"3":{"Display":"Page Submit"},"4":{"Display":"Click Count"}},"GradingData":[],"Language":[],"NextChoiceId":40,"NextAnswerId":1,"QuestionID":"QID31"}},{"SurveyID":"SV_0BahRK5EoVUICeG","Element":"SQ","PrimaryAttribute":"QID32","SecondaryAttribute":"Timing","TertiaryAttribute":null,"Payload":{"QuestionText":"Timing","DefaultChoices":false,"DataExportTag":"timer_7","QuestionType":"Timing","Selector":"PageTimer","DataVisibility":{"Private":false,"Hidden":false},"Configuration":{"QuestionDescriptionOption":"UseText","MinSeconds":"0","MaxSeconds":"0"},"QuestionDescription":"Timing","Choices":{"1":{"Display":"First Click"},"2":{"Display":"Last Click"},"3":{"Display":"Page Submit"},"4":{"Display":"Click Count"}},"GradingData":[],"Language":[],"NextChoiceId":44,"NextAnswerId":1,"QuestionID":"QID32"}},{"SurveyID":"SV_0BahRK5EoVUICeG","Element":"SQ","PrimaryAttribute":"QID33","SecondaryAttribute":"Timing","TertiaryAttribute":null,"Payload":{"QuestionText":"Timing","DefaultChoices":false,"DataExportTag":"timer_8","QuestionType":"Timing","Selector":"PageTimer","DataVisibility":{"Private":false,"Hidden":false},"Configuration":{"QuestionDescriptionOption":"UseText","MinSeconds":"0","MaxSeconds":"0"},"QuestionDescription":"Timing","Choices":{"1":{"Display":"First Click"},"2":{"Display":"Last Click"},"3":{"Display":"Page Submit"},"4":{"Display":"Click Count"}},"GradingData":[],"Language":[],"NextChoiceId":44,"NextAnswerId":1,"QuestionID":"QID33"}},{"SurveyID":"SV_0BahRK5EoVUICeG","Element":"SQ","PrimaryAttribute":"QID34","SecondaryAttribute":"Timing","TertiaryAttribute":null,"Payload":{"QuestionText":"Timing","DefaultChoices":false,"DataExportTag":"timer_9","QuestionType":"Timing","Selector":"PageTimer","DataVisibility":{"Private":false,"Hidden":false},"Configuration":{"QuestionDescriptionOption":"UseText","MinSeconds":"0","MaxSeconds":"0"},"QuestionDescription":"Timing","Choices":{"1":{"Display":"First Click"},"2":{"Display":"Last Click"},"3":{"Display":"Page Submit"},"4":{"Display":"Click Count"}},"GradingData":[],"Language":[],"NextChoiceId":44,"NextAnswerId":1,"QuestionID":"QID34"}},{"SurveyID":"SV_0BahRK5EoVUICeG","Element":"SQ","PrimaryAttribute":"QID35","SecondaryAttribute":"Timing","TertiaryAttribute":null,"Payload":{"QuestionText":"Timing","DefaultChoices":false,"DataExportTag":"timer_10","QuestionType":"Timing","Selector":"PageTimer","DataVisibility":{"Private":false,"Hidden":false},"Configuration":{"QuestionDescriptionOption":"UseText","MinSeconds":"0","MaxSeconds":"0"},"QuestionDescription":"Timing","Choices":{"1":{"Display":"First Click"},"2":{"Display":"Last Click"},"3":{"Display":"Page Submit"},"4":{"Display":"Click Count"}},"GradingData":[],"Language":[],"NextChoiceId":48,"NextAnswerId":1,"QuestionID":"QID35"}},{"SurveyID":"SV_0BahRK5EoVUICeG","Element":"SQ","PrimaryAttribute":"QID36","SecondaryAttribute":"Timing","TertiaryAttribute":null,"Payload":{"QuestionText":"Timing","DefaultChoices":false,"DataExportTag":"timer_11","QuestionType":"Timing","Selector":"PageTimer","DataVisibility":{"Private":false,"Hidden":false},"Configuration":{"QuestionDescriptionOption":"UseText","MinSeconds":"0","MaxSeconds":"0"},"QuestionDescription":"Timing","Choices":{"1":{"Display":"First Click"},"2":{"Display":"Last Click"},"3":{"Display":"Page Submit"},"4":{"Display":"Click Count"}},"GradingData":[],"Language":[],"NextChoiceId":52,"NextAnswerId":1,"QuestionID":"QID36"}},{"SurveyID":"SV_0BahRK5EoVUICeG","Element":"SQ","PrimaryAttribute":"QID44","SecondaryAttribute":"Timing","TertiaryAttribute":null,"Payload":{"QuestionText":"Timing","DefaultChoices":false,"DataExportTag":"timer_12","QuestionType":"Timing","Selector":"PageTimer","DataVisibility":{"Private":false,"Hidden":false},"Configuration":{"QuestionDescriptionOption":"UseText","MinSeconds":"0","MaxSeconds":"0"},"QuestionDescription":"Timing","Choices":{"1":{"Display":"First Click"},"2":{"Display":"Last Click"},"3":{"Display":"Page Submit"},"4":{"Display":"Click Count"}},"GradingData":[],"Language":[],"NextChoiceId":72,"NextAnswerId":1,"QuestionID":"QID44"}},{"SurveyID":"SV_0BahRK5EoVUICeG","Element":"SQ","PrimaryAttribute":"QID55","SecondaryAttribute":"Timing","TertiaryAttribute":null,"Payload":{"QuestionText":"Timing","DefaultChoices":false,"QuestionType":"Timing","Selector":"PageTimer","DataVisibility":{"Private":false,"Hidden":false},"Configuration":{"QuestionDescriptionOption":"UseText","MinSeconds":"0","MaxSeconds":"0"},"QuestionDescription":"Timing","Choices":{"1":{"Display":"First Click"},"2":{"Display":"Last Click"},"3":{"Display":"Page Submit"},"4":{"Display":"Click Count"}},"GradingData":[],"Language":[],"NextChoiceId":48,"NextAnswerId":1,"QuestionText_Unsafe":"Timing","DataExportTag":"timer_dominated_1","QuestionID":"QID55"}},{"SurveyID":"SV_0BahRK5EoVUICeG","Element":"SQ","PrimaryAttribute":"QID2","SecondaryAttribute":"What is your survey id?","TertiaryAttribute":null,"Payload":{"QuestionText":"What is your survey id?","DefaultChoices":false,"DataExportTag":"survey_id","QuestionID":"QID2","QuestionType":"TE","Selector":"SL","Configuration":{"QuestionDescriptionOption":"UseText"},"QuestionDescription":"What is your survey id?","Validation":{"Settings":{"ForceResponse":"ON","ForceResponseType":"ON","Type":"TotalChar","MinChars":"1","TotalChars":"50"}},"GradingData":[],"Language":[],"NextChoiceId":4,"NextAnswerId":1,"SearchSource":{"AllowFreeResponse":"false"},"DataVisibility":{"Private":false,"Hidden":false}}}]}